// !$*UTF8*$!
{
	archiveVersion = 1;
	classes = {
	};
	objectVersion = 52;
	objects = {

/* Begin PBXBuildFile section */
		4C192AFD25BCD44D00059597 /* payment.swift in Sources */ = {isa = PBXBuildFile; fileRef = 4C192AFC25BCD44C00059597 /* payment.swift */; };
		4C192B0125C0739F00059597 /* D3DS.swift in Sources */ = {isa = PBXBuildFile; fileRef = 4C192B0025C0739E00059597 /* D3DS.swift */; };
		4C1BB4E225D1ABC000604276 /* news_single_items.swift in Sources */ = {isa = PBXBuildFile; fileRef = 4C1BB4E125D1ABC000604276 /* news_single_items.swift */; };
		4C1BB4EA25D29DAF00604276 /* Localizable.strings in Resources */ = {isa = PBXBuildFile; fileRef = 4C1BB4EC25D29DAF00604276 /* Localizable.strings */; };
		4C1BB4F325D2A76500604276 /* story.swift in Sources */ = {isa = PBXBuildFile; fileRef = 4C1BB4F225D2A76500604276 /* story.swift */; };
		4C1BB4F625D2A77700604276 /* processing.swift in Sources */ = {isa = PBXBuildFile; fileRef = 4C1BB4F525D2A77700604276 /* processing.swift */; };
		4C1BB4F925D2A78700604276 /* story_loading.swift in Sources */ = {isa = PBXBuildFile; fileRef = 4C1BB4F825D2A78700604276 /* story_loading.swift */; };
		4C1BB4FD25D2CF8900604276 /* VideoPlayer in Frameworks */ = {isa = PBXBuildFile; productRef = 4C1BB4FC25D2CF8900604276 /* VideoPlayer */; };
		4C3CEB0125CC7D4E0089EFF9 /* history.swift in Sources */ = {isa = PBXBuildFile; fileRef = 4C3CEB0025CC7D4E0089EFF9 /* history.swift */; };
		4C3CEB0625CC8A6C0089EFF9 /* ConfettiView in Frameworks */ = {isa = PBXBuildFile; productRef = 4C3CEB0525CC8A6C0089EFF9 /* ConfettiView */; };
		4C3CEB0A25CC8AA50089EFF9 /* confetti.swift in Sources */ = {isa = PBXBuildFile; fileRef = 4C3CEB0925CC8AA50089EFF9 /* confetti.swift */; };
		4C3CEB0D25CD2B270089EFF9 /* history_item.swift in Sources */ = {isa = PBXBuildFile; fileRef = 4C3CEB0C25CD2B260089EFF9 /* history_item.swift */; };
		4C3CEBB125D193540089EFF9 /* SwiftUIX in Frameworks */ = {isa = PBXBuildFile; productRef = 4C3CEBB025D193540089EFF9 /* SwiftUIX */; };
		4C70235D25A749BD00A750D2 /* AppDelegate.swift in Sources */ = {isa = PBXBuildFile; fileRef = 4C70235C25A749BD00A750D2 /* AppDelegate.swift */; };
		4C70235F25A749BD00A750D2 /* SceneDelegate.swift in Sources */ = {isa = PBXBuildFile; fileRef = 4C70235E25A749BD00A750D2 /* SceneDelegate.swift */; };
		4C70236125A749BD00A750D2 /* Start.swift in Sources */ = {isa = PBXBuildFile; fileRef = 4C70236025A749BD00A750D2 /* Start.swift */; };
		4C70236325A749BF00A750D2 /* Assets.xcassets in Resources */ = {isa = PBXBuildFile; fileRef = 4C70236225A749BF00A750D2 /* Assets.xcassets */; };
		4C70236625A749BF00A750D2 /* Preview Assets.xcassets in Resources */ = {isa = PBXBuildFile; fileRef = 4C70236525A749BF00A750D2 /* Preview Assets.xcassets */; };
		4C70236925A749BF00A750D2 /* LaunchScreen.storyboard in Resources */ = {isa = PBXBuildFile; fileRef = 4C70236725A749BF00A750D2 /* LaunchScreen.storyboard */; };
		4C70237825A74C1200A750D2 /* Yelm.Server in Frameworks */ = {isa = PBXBuildFile; productRef = 4C70237725A74C1200A750D2 /* Yelm.Server */; };
		4C9AC9C125C5F634002C1C04 /* Yelm.Chat in Frameworks */ = {isa = PBXBuildFile; productRef = 4C9AC9C025C5F634002C1C04 /* Yelm.Chat */; };
		4CAA9F6D25B83B04005CEB96 /* subcategoies_grid.swift in Sources */ = {isa = PBXBuildFile; fileRef = 4CAA9F6C25B83B04005CEB96 /* subcategoies_grid.swift */; };
		4CAA9F7125B83D78005CEB96 /* subcategories_grid_item.swift in Sources */ = {isa = PBXBuildFile; fileRef = 4CAA9F7025B83D78005CEB96 /* subcategories_grid_item.swift */; };
		4CC347F825DEBF120018A27A /* catalog.swift in Sources */ = {isa = PBXBuildFile; fileRef = 4CC347F725DEBF120018A27A /* catalog.swift */; };
		4CDE834625A74ED700F3453D /* Yelm.Pay in Frameworks */ = {isa = PBXBuildFile; productRef = 4CDE834525A74ED700F3453D /* Yelm.Pay */; };
		4CDE835C25A788DD00F3453D /* items.swift in Sources */ = {isa = PBXBuildFile; fileRef = 4CDE835B25A788DD00F3453D /* items.swift */; };
		4CDE836025A7899E00F3453D /* blur.swift in Sources */ = {isa = PBXBuildFile; fileRef = 4CDE835F25A7899E00F3453D /* blur.swift */; };
		4CDE836325A789B800F3453D /* shapes.swift in Sources */ = {isa = PBXBuildFile; fileRef = 4CDE836225A789B800F3453D /* shapes.swift */; };
		4CDE836A25A78A2A00F3453D /* URLImageService.swift in Sources */ = {isa = PBXBuildFile; fileRef = 4CDE836925A78A2A00F3453D /* URLImageService.swift */; };
		4CDE836F25A78A3200F3453D /* FileIndex.swift in Sources */ = {isa = PBXBuildFile; fileRef = 4CDE836D25A78A3200F3453D /* FileIndex.swift */; };
		4CDE837025A78A3200F3453D /* RemoteFileCacheService.swift in Sources */ = {isa = PBXBuildFile; fileRef = 4CDE836E25A78A3200F3453D /* RemoteFileCacheService.swift */; };
		4CDE839B25A78A3F00F3453D /* ImageProcessing.swift in Sources */ = {isa = PBXBuildFile; fileRef = 4CDE837325A78A3F00F3453D /* ImageProcessing.swift */; };
		4CDE839C25A78A3F00F3453D /* CoreImageFilterProcessor.swift in Sources */ = {isa = PBXBuildFile; fileRef = 4CDE837525A78A3F00F3453D /* CoreImageFilterProcessor.swift */; };
		4CDE839D25A78A3F00F3453D /* ImageProcessorClosure.swift in Sources */ = {isa = PBXBuildFile; fileRef = 4CDE837625A78A3F00F3453D /* ImageProcessorClosure.swift */; };
		4CDE839E25A78A3F00F3453D /* Resize.swift in Sources */ = {isa = PBXBuildFile; fileRef = 4CDE837725A78A3F00F3453D /* Resize.swift */; };
		4CDE839F25A78A3F00F3453D /* ImageProcessorGroup.swift in Sources */ = {isa = PBXBuildFile; fileRef = 4CDE837825A78A3F00F3453D /* ImageProcessorGroup.swift */; };
		4CDE83A025A78A3F00F3453D /* ImageProxy.swift in Sources */ = {isa = PBXBuildFile; fileRef = 4CDE837A25A78A3F00F3453D /* ImageProxy.swift */; };
		4CDE83A125A78A3F00F3453D /* DownloadProgressWrapper.swift in Sources */ = {isa = PBXBuildFile; fileRef = 4CDE837B25A78A3F00F3453D /* DownloadProgressWrapper.swift */; };
		4CDE83A225A78A3F00F3453D /* DownloadCoordinator.swift in Sources */ = {isa = PBXBuildFile; fileRef = 4CDE837E25A78A3F00F3453D /* DownloadCoordinator.swift */; };
		4CDE83A325A78A3F00F3453D /* LoadingState.swift in Sources */ = {isa = PBXBuildFile; fileRef = 4CDE837F25A78A3F00F3453D /* LoadingState.swift */; };
		4CDE83A425A78A3F00F3453D /* DownloadHandler.swift in Sources */ = {isa = PBXBuildFile; fileRef = 4CDE838025A78A3F00F3453D /* DownloadHandler.swift */; };
		4CDE83A525A78A3F00F3453D /* URLSessionDownloadDelegateWrapper.swift in Sources */ = {isa = PBXBuildFile; fileRef = 4CDE838125A78A3F00F3453D /* URLSessionDownloadDelegateWrapper.swift */; };
		4CDE83A625A78A3F00F3453D /* DownloadObserver.swift in Sources */ = {isa = PBXBuildFile; fileRef = 4CDE838225A78A3F00F3453D /* DownloadObserver.swift */; };
		4CDE83A725A78A3F00F3453D /* DownloadService.swift in Sources */ = {isa = PBXBuildFile; fileRef = 4CDE838325A78A3F00F3453D /* DownloadService.swift */; };
		4CDE83A825A78A3F00F3453D /* ImageLoaderContentView.swift in Sources */ = {isa = PBXBuildFile; fileRef = 4CDE838525A78A3F00F3453D /* ImageLoaderContentView.swift */; };
		4CDE83A925A78A3F00F3453D /* ImageLoaderView.swift in Sources */ = {isa = PBXBuildFile; fileRef = 4CDE838625A78A3F00F3453D /* ImageLoaderView.swift */; };
		4CDE83AA25A78A3F00F3453D /* ImageDownloadHandler.swift in Sources */ = {isa = PBXBuildFile; fileRef = 4CDE838725A78A3F00F3453D /* ImageDownloadHandler.swift */; };
		4CDE83AB25A78A3F00F3453D /* CGContext+Extensions.swift in Sources */ = {isa = PBXBuildFile; fileRef = 4CDE838A25A78A3F00F3453D /* CGContext+Extensions.swift */; };
		4CDE83AC25A78A3F00F3453D /* CGImage+Extensions.swift in Sources */ = {isa = PBXBuildFile; fileRef = 4CDE838B25A78A3F00F3453D /* CGImage+Extensions.swift */; };
		4CDE83AD25A78A3F00F3453D /* Log.swift in Sources */ = {isa = PBXBuildFile; fileRef = 4CDE838C25A78A3F00F3453D /* Log.swift */; };
		4CDE83AE25A78A3F00F3453D /* CacheHelper.swift in Sources */ = {isa = PBXBuildFile; fileRef = 4CDE838D25A78A3F00F3453D /* CacheHelper.swift */; };
		4CDE83AF25A78A3F00F3453D /* Version.swift in Sources */ = {isa = PBXBuildFile; fileRef = 4CDE838E25A78A3F00F3453D /* Version.swift */; };
		4CDE83B025A78A3F00F3453D /* ImageSource.swift in Sources */ = {isa = PBXBuildFile; fileRef = 4CDE838F25A78A3F00F3453D /* ImageSource.swift */; };
		4CDE83B125A78A3F00F3453D /* CoreDataModelDescription.swift in Sources */ = {isa = PBXBuildFile; fileRef = 4CDE839125A78A3F00F3453D /* CoreDataModelDescription.swift */; };
		4CDE83B225A78A3F00F3453D /* CoreDataEntityDescription.swift in Sources */ = {isa = PBXBuildFile; fileRef = 4CDE839225A78A3F00F3453D /* CoreDataEntityDescription.swift */; };
		4CDE83B325A78A3F00F3453D /* CoreDataFetchIndexDescription.swift in Sources */ = {isa = PBXBuildFile; fileRef = 4CDE839325A78A3F00F3453D /* CoreDataFetchIndexDescription.swift */; };
		4CDE83B425A78A3F00F3453D /* CoreDataAttributeDescription.swift in Sources */ = {isa = PBXBuildFile; fileRef = 4CDE839425A78A3F00F3453D /* CoreDataAttributeDescription.swift */; };
		4CDE83B525A78A3F00F3453D /* DefaultPlaceholder.swift in Sources */ = {isa = PBXBuildFile; fileRef = 4CDE839525A78A3F00F3453D /* DefaultPlaceholder.swift */; };
		4CDE83B625A78A3F00F3453D /* FileManager+Extensions.swift in Sources */ = {isa = PBXBuildFile; fileRef = 4CDE839625A78A3F00F3453D /* FileManager+Extensions.swift */; };
		4CDE83B725A78A3F00F3453D /* ImageIOUtils.swift in Sources */ = {isa = PBXBuildFile; fileRef = 4CDE839825A78A3F00F3453D /* ImageIOUtils.swift */; };
		4CDE83B825A78A3F00F3453D /* ImageDecoder.swift in Sources */ = {isa = PBXBuildFile; fileRef = 4CDE839A25A78A3F00F3453D /* ImageDecoder.swift */; };
		4CDE83BB25A78A4500F3453D /* URLImage.swift in Sources */ = {isa = PBXBuildFile; fileRef = 4CDE83BA25A78A4500F3453D /* URLImage.swift */; };
		4CDE83C525A78A4D00F3453D /* AnimatedImageView.swift in Sources */ = {isa = PBXBuildFile; fileRef = 4CDE83BE25A78A4D00F3453D /* AnimatedImageView.swift */; };
		4CDE83C625A78A4D00F3453D /* ProgressView.swift in Sources */ = {isa = PBXBuildFile; fileRef = 4CDE83C025A78A4D00F3453D /* ProgressView.swift */; };
		4CDE83C725A78A4D00F3453D /* CircleProgressShape.swift in Sources */ = {isa = PBXBuildFile; fileRef = 4CDE83C225A78A4D00F3453D /* CircleProgressShape.swift */; };
		4CDE83C825A78A4D00F3453D /* CircleActivityView.swift in Sources */ = {isa = PBXBuildFile; fileRef = 4CDE83C325A78A4D00F3453D /* CircleActivityView.swift */; };
		4CDE83C925A78A4D00F3453D /* CircleProgressView.swift in Sources */ = {isa = PBXBuildFile; fileRef = 4CDE83C425A78A4D00F3453D /* CircleProgressView.swift */; };
		4CDE83CF25A78B2000F3453D /* buttons.swift in Sources */ = {isa = PBXBuildFile; fileRef = 4CDE83CE25A78B2000F3453D /* buttons.swift */; };
		4CDE83D725A78DF500F3453D /* Realm in Frameworks */ = {isa = PBXBuildFile; productRef = 4CDE83D625A78DF500F3453D /* Realm */; };
		4CDE83D925A78DF500F3453D /* RealmSwift in Frameworks */ = {isa = PBXBuildFile; productRef = 4CDE83D825A78DF500F3453D /* RealmSwift */; };
		4CDE83DC25A78E2300F3453D /* realm.swift in Sources */ = {isa = PBXBuildFile; fileRef = 4CDE83DB25A78E2300F3453D /* realm.swift */; };
		4CDE83E025A794BA00F3453D /* Home.swift in Sources */ = {isa = PBXBuildFile; fileRef = 4CDE83DF25A794BA00F3453D /* Home.swift */; };
		4CDE83E425A797FA00F3453D /* animations.swift in Sources */ = {isa = PBXBuildFile; fileRef = 4CDE83E325A797FA00F3453D /* animations.swift */; };
		4CDE83E725A79C0900F3453D /* classes.swift in Sources */ = {isa = PBXBuildFile; fileRef = 4CDE83E625A79C0900F3453D /* classes.swift */; };
		4CDE83EA25A7A26200F3453D /* gestures.swift in Sources */ = {isa = PBXBuildFile; fileRef = 4CDE83E925A7A26200F3453D /* gestures.swift */; };
		4CDE83ED25A7A57C00F3453D /* realm_classes.swift in Sources */ = {isa = PBXBuildFile; fileRef = 4CDE83EC25A7A57C00F3453D /* realm_classes.swift */; };
		4CDE83F025A7A75200F3453D /* structures.swift in Sources */ = {isa = PBXBuildFile; fileRef = 4CDE83EF25A7A75200F3453D /* structures.swift */; };
		4CDE83F325A7A7D700F3453D /* realm_locations.swift in Sources */ = {isa = PBXBuildFile; fileRef = 4CDE83F225A7A7D700F3453D /* realm_locations.swift */; };
		4CDE83FA25A86E9F00F3453D /* location.swift in Sources */ = {isa = PBXBuildFile; fileRef = 4CDE83F925A86E9F00F3453D /* location.swift */; };
		4CDE83FE25A86FAE00F3453D /* core.swift in Sources */ = {isa = PBXBuildFile; fileRef = 4CDE83FD25A86FAE00F3453D /* core.swift */; };
		4CDE840725A873D800F3453D /* add_location.swift in Sources */ = {isa = PBXBuildFile; fileRef = 4CDE840625A873D800F3453D /* add_location.swift */; };
		4CDE840C25A874BB00F3453D /* maps_classes.swift in Sources */ = {isa = PBXBuildFile; fileRef = 4CDE840B25A874BB00F3453D /* maps_classes.swift */; };
		4CDE841125A8764300F3453D /* map.swift in Sources */ = {isa = PBXBuildFile; fileRef = 4CDE841025A8764300F3453D /* map.swift */; };
		4CDE841825A8785100F3453D /* view.swift in Sources */ = {isa = PBXBuildFile; fileRef = 4CDE841725A8785100F3453D /* view.swift */; };
		4CDE841F25A8AA5A00F3453D /* item.swift in Sources */ = {isa = PBXBuildFile; fileRef = 4CDE841E25A8AA5A00F3453D /* item.swift */; };
		4CDE842225A9E10300F3453D /* cart.swift in Sources */ = {isa = PBXBuildFile; fileRef = 4CDE842125A9E10300F3453D /* cart.swift */; };
		4CDE842625A9E33400F3453D /* cart_item.swift in Sources */ = {isa = PBXBuildFile; fileRef = 4CDE842525A9E33400F3453D /* cart_item.swift */; };
		4CDE843025A9EFC300F3453D /* offer.swift in Sources */ = {isa = PBXBuildFile; fileRef = 4CDE842F25A9EFC300F3453D /* offer.swift */; };
		4CDE843425A9F15500F3453D /* variables.swift in Sources */ = {isa = PBXBuildFile; fileRef = 4CDE843325A9F15500F3453D /* variables.swift */; };
		4CDE843725AB37AE00F3453D /* search.swift in Sources */ = {isa = PBXBuildFile; fileRef = 4CDE843625AB37AE00F3453D /* search.swift */; };
		4CDE843B25AB3B2D00F3453D /* search_item.swift in Sources */ = {isa = PBXBuildFile; fileRef = 4CDE843A25AB3B2D00F3453D /* search_item.swift */; };
		4CDE843F25AB5EEF00F3453D /* chat.swift in Sources */ = {isa = PBXBuildFile; fileRef = 4CDE843E25AB5EEF00F3453D /* chat.swift */; };
		4CDE844625AB614800F3453D /* ui.swift in Sources */ = {isa = PBXBuildFile; fileRef = 4CDE844525AB614800F3453D /* ui.swift */; };
		4CF55FC325AEFE2B0038A4CC /* images.swift in Sources */ = {isa = PBXBuildFile; fileRef = 4CF55FC225AEFE2B0038A4CC /* images.swift */; };
		4CF55FC725B070B20038A4CC /* camera.swift in Sources */ = {isa = PBXBuildFile; fileRef = 4CF55FC625B070B20038A4CC /* camera.swift */; };
		4CF55FCF25B2F5280038A4CC /* news.swift in Sources */ = {isa = PBXBuildFile; fileRef = 4CF55FCE25B2F5270038A4CC /* news.swift */; };
		4CF5601525B5ADD60038A4CC /* news_single.swift in Sources */ = {isa = PBXBuildFile; fileRef = 4CF5601425B5ADD60038A4CC /* news_single.swift */; };
		4CF5601925B5AFA40038A4CC /* webview.swift in Sources */ = {isa = PBXBuildFile; fileRef = 4CF5601825B5AFA40038A4CC /* webview.swift */; };
		4CF5601C25B7124F0038A4CC /* subcategories.swift in Sources */ = {isa = PBXBuildFile; fileRef = 4CF5601B25B7124E0038A4CC /* subcategories.swift */; };
		4CF5602125B716FF0038A4CC /* Grid in Frameworks */ = {isa = PBXBuildFile; productRef = 4CF5602025B716FF0038A4CC /* Grid */; };
		A7705D6F5A3DC1EFD32DAF86 /* Pods_Yelm_ProjectX.framework in Frameworks */ = {isa = PBXBuildFile; fileRef = 58E7E1E7480802335A5DAE62 /* Pods_Yelm_ProjectX.framework */; };
		D44DF5DB2639617E005CE414 /* scanner_preview.swift in Sources */ = {isa = PBXBuildFile; fileRef = D44DF5DA2639617E005CE414 /* scanner_preview.swift */; };
		D44DF5E32639621A005CE414 /* color.swift in Sources */ = {isa = PBXBuildFile; fileRef = D44DF5E22639621A005CE414 /* color.swift */; };
		D4718B9826243A2E00E140C2 /* feed.swift in Sources */ = {isa = PBXBuildFile; fileRef = D4718B9726243A2E00E140C2 /* feed.swift */; };
		D4718B9B26243A3800E140C2 /* feed_item.swift in Sources */ = {isa = PBXBuildFile; fileRef = D4718B9A26243A3800E140C2 /* feed_item.swift */; };
		D4718B9E26244E7B00E140C2 /* feed_read.swift in Sources */ = {isa = PBXBuildFile; fileRef = D4718B9D26244E7B00E140C2 /* feed_read.swift */; };
		D4718BC12626EB1200E140C2 /* Yelm_ProjectXUITests.swift in Sources */ = {isa = PBXBuildFile; fileRef = D4718BC02626EB1200E140C2 /* Yelm_ProjectXUITests.swift */; };
		D4718BCB2626EB2100E140C2 /* SnapshotHelper.swift in Sources */ = {isa = PBXBuildFile; fileRef = D4718BCA2626EB2100E140C2 /* SnapshotHelper.swift */; };
		D490E640262CAD9A00362345 /* item_images.swift in Sources */ = {isa = PBXBuildFile; fileRef = D490E63F262CAD9A00362345 /* item_images.swift */; };
		D490E64D262CB98000362345 /* image_view_repo.swift in Sources */ = {isa = PBXBuildFile; fileRef = D490E64C262CB98000362345 /* image_view_repo.swift */; };
		D4B8C4A925F7EA3300B9E478 /* func.swift in Sources */ = {isa = PBXBuildFile; fileRef = D4B8C4A825F7EA3300B9E478 /* func.swift */; };
		D4DFA14125F8B37700E608C8 /* Yelm.Pay in Frameworks */ = {isa = PBXBuildFile; productRef = D4DFA14025F8B37700E608C8 /* Yelm.Pay */; };
		D4DFA14525F8B39700E608C8 /* Yelm.Chat in Frameworks */ = {isa = PBXBuildFile; productRef = D4DFA14425F8B39700E608C8 /* Yelm.Chat */; };
		D4DFA14E25F8B72100E608C8 /* Yelm.Server in Frameworks */ = {isa = PBXBuildFile; productRef = D4DFA14D25F8B72100E608C8 /* Yelm.Server */; };
		D4DFA15125F8D27900E608C8 /* rating.swift in Sources */ = {isa = PBXBuildFile; fileRef = D4DFA15025F8D27900E608C8 /* rating.swift */; };
/* End PBXBuildFile section */

/* Begin PBXContainerItemProxy section */
		D4718BC32626EB1200E140C2 /* PBXContainerItemProxy */ = {
			isa = PBXContainerItemProxy;
			containerPortal = 4C70235125A749BD00A750D2 /* Project object */;
			proxyType = 1;
			remoteGlobalIDString = 4C70235825A749BD00A750D2;
			remoteInfo = Yelm.ProjectX;
		};
/* End PBXContainerItemProxy section */

/* Begin PBXFileReference section */
		1B69168527B2637AB35B1B9A /* Pods-Yelm.ProjectX.release.xcconfig */ = {isa = PBXFileReference; includeInIndex = 1; lastKnownFileType = text.xcconfig; name = "Pods-Yelm.ProjectX.release.xcconfig"; path = "Target Support Files/Pods-Yelm.ProjectX/Pods-Yelm.ProjectX.release.xcconfig"; sourceTree = "<group>"; };
		4C192AFC25BCD44C00059597 /* payment.swift */ = {isa = PBXFileReference; lastKnownFileType = sourcecode.swift; path = payment.swift; sourceTree = "<group>"; };
		4C192B0025C0739E00059597 /* D3DS.swift */ = {isa = PBXFileReference; lastKnownFileType = sourcecode.swift; path = D3DS.swift; sourceTree = "<group>"; };
		4C1BB4E125D1ABC000604276 /* news_single_items.swift */ = {isa = PBXFileReference; lastKnownFileType = sourcecode.swift; path = news_single_items.swift; sourceTree = "<group>"; };
		4C1BB4E525D29C6A00604276 /* ru */ = {isa = PBXFileReference; lastKnownFileType = text.plist.strings; name = ru; path = ru.lproj/LaunchScreen.strings; sourceTree = "<group>"; };
		4C1BB4EB25D29DAF00604276 /* en */ = {isa = PBXFileReference; lastKnownFileType = text.plist.strings; name = en; path = en.lproj/Localizable.strings; sourceTree = "<group>"; };
		4C1BB4EE25D29DB300604276 /* ru */ = {isa = PBXFileReference; lastKnownFileType = text.plist.strings; name = ru; path = ru.lproj/Localizable.strings; sourceTree = "<group>"; };
		4C1BB4F225D2A76500604276 /* story.swift */ = {isa = PBXFileReference; lastKnownFileType = sourcecode.swift; path = story.swift; sourceTree = "<group>"; };
		4C1BB4F525D2A77700604276 /* processing.swift */ = {isa = PBXFileReference; lastKnownFileType = sourcecode.swift; path = processing.swift; sourceTree = "<group>"; };
		4C1BB4F825D2A78700604276 /* story_loading.swift */ = {isa = PBXFileReference; lastKnownFileType = sourcecode.swift; path = story_loading.swift; sourceTree = "<group>"; };
		4C3CEB0025CC7D4E0089EFF9 /* history.swift */ = {isa = PBXFileReference; lastKnownFileType = sourcecode.swift; path = history.swift; sourceTree = "<group>"; };
		4C3CEB0925CC8AA50089EFF9 /* confetti.swift */ = {isa = PBXFileReference; lastKnownFileType = sourcecode.swift; path = confetti.swift; sourceTree = "<group>"; };
		4C3CEB0C25CD2B260089EFF9 /* history_item.swift */ = {isa = PBXFileReference; lastKnownFileType = sourcecode.swift; path = history_item.swift; sourceTree = "<group>"; };
		4C70235925A749BD00A750D2 /* Yelm.ProjectX.app */ = {isa = PBXFileReference; explicitFileType = wrapper.application; includeInIndex = 0; path = Yelm.ProjectX.app; sourceTree = BUILT_PRODUCTS_DIR; };
		4C70235C25A749BD00A750D2 /* AppDelegate.swift */ = {isa = PBXFileReference; lastKnownFileType = sourcecode.swift; path = AppDelegate.swift; sourceTree = "<group>"; };
		4C70235E25A749BD00A750D2 /* SceneDelegate.swift */ = {isa = PBXFileReference; lastKnownFileType = sourcecode.swift; path = SceneDelegate.swift; sourceTree = "<group>"; };
		4C70236025A749BD00A750D2 /* Start.swift */ = {isa = PBXFileReference; lastKnownFileType = sourcecode.swift; path = Start.swift; sourceTree = "<group>"; };
		4C70236225A749BF00A750D2 /* Assets.xcassets */ = {isa = PBXFileReference; lastKnownFileType = folder.assetcatalog; path = Assets.xcassets; sourceTree = "<group>"; };
		4C70236525A749BF00A750D2 /* Preview Assets.xcassets */ = {isa = PBXFileReference; lastKnownFileType = folder.assetcatalog; path = "Preview Assets.xcassets"; sourceTree = "<group>"; };
		4C70236825A749BF00A750D2 /* Base */ = {isa = PBXFileReference; lastKnownFileType = file.storyboard; name = Base; path = Base.lproj/LaunchScreen.storyboard; sourceTree = "<group>"; };
		4C70236A25A749BF00A750D2 /* Info.plist */ = {isa = PBXFileReference; lastKnownFileType = text.plist.xml; path = Info.plist; sourceTree = "<group>"; };
		4CAA9F6C25B83B04005CEB96 /* subcategoies_grid.swift */ = {isa = PBXFileReference; lastKnownFileType = sourcecode.swift; path = subcategoies_grid.swift; sourceTree = "<group>"; };
		4CAA9F7025B83D78005CEB96 /* subcategories_grid_item.swift */ = {isa = PBXFileReference; lastKnownFileType = sourcecode.swift; path = subcategories_grid_item.swift; sourceTree = "<group>"; };
		4CC347F725DEBF120018A27A /* catalog.swift */ = {isa = PBXFileReference; lastKnownFileType = sourcecode.swift; path = catalog.swift; sourceTree = "<group>"; };
		4CDE835B25A788DD00F3453D /* items.swift */ = {isa = PBXFileReference; fileEncoding = 4; lastKnownFileType = sourcecode.swift; path = items.swift; sourceTree = "<group>"; };
		4CDE835F25A7899E00F3453D /* blur.swift */ = {isa = PBXFileReference; lastKnownFileType = sourcecode.swift; path = blur.swift; sourceTree = "<group>"; };
		4CDE836225A789B800F3453D /* shapes.swift */ = {isa = PBXFileReference; lastKnownFileType = sourcecode.swift; path = shapes.swift; sourceTree = "<group>"; };
		4CDE836925A78A2A00F3453D /* URLImageService.swift */ = {isa = PBXFileReference; fileEncoding = 4; lastKnownFileType = sourcecode.swift; path = URLImageService.swift; sourceTree = "<group>"; };
		4CDE836D25A78A3200F3453D /* FileIndex.swift */ = {isa = PBXFileReference; fileEncoding = 4; lastKnownFileType = sourcecode.swift; path = FileIndex.swift; sourceTree = "<group>"; };
		4CDE836E25A78A3200F3453D /* RemoteFileCacheService.swift */ = {isa = PBXFileReference; fileEncoding = 4; lastKnownFileType = sourcecode.swift; path = RemoteFileCacheService.swift; sourceTree = "<group>"; };
		4CDE837325A78A3F00F3453D /* ImageProcessing.swift */ = {isa = PBXFileReference; fileEncoding = 4; lastKnownFileType = sourcecode.swift; path = ImageProcessing.swift; sourceTree = "<group>"; };
		4CDE837525A78A3F00F3453D /* CoreImageFilterProcessor.swift */ = {isa = PBXFileReference; fileEncoding = 4; lastKnownFileType = sourcecode.swift; path = CoreImageFilterProcessor.swift; sourceTree = "<group>"; };
		4CDE837625A78A3F00F3453D /* ImageProcessorClosure.swift */ = {isa = PBXFileReference; fileEncoding = 4; lastKnownFileType = sourcecode.swift; path = ImageProcessorClosure.swift; sourceTree = "<group>"; };
		4CDE837725A78A3F00F3453D /* Resize.swift */ = {isa = PBXFileReference; fileEncoding = 4; lastKnownFileType = sourcecode.swift; path = Resize.swift; sourceTree = "<group>"; };
		4CDE837825A78A3F00F3453D /* ImageProcessorGroup.swift */ = {isa = PBXFileReference; fileEncoding = 4; lastKnownFileType = sourcecode.swift; path = ImageProcessorGroup.swift; sourceTree = "<group>"; };
		4CDE837A25A78A3F00F3453D /* ImageProxy.swift */ = {isa = PBXFileReference; fileEncoding = 4; lastKnownFileType = sourcecode.swift; path = ImageProxy.swift; sourceTree = "<group>"; };
		4CDE837B25A78A3F00F3453D /* DownloadProgressWrapper.swift */ = {isa = PBXFileReference; fileEncoding = 4; lastKnownFileType = sourcecode.swift; path = DownloadProgressWrapper.swift; sourceTree = "<group>"; };
		4CDE837E25A78A3F00F3453D /* DownloadCoordinator.swift */ = {isa = PBXFileReference; fileEncoding = 4; lastKnownFileType = sourcecode.swift; path = DownloadCoordinator.swift; sourceTree = "<group>"; };
		4CDE837F25A78A3F00F3453D /* LoadingState.swift */ = {isa = PBXFileReference; fileEncoding = 4; lastKnownFileType = sourcecode.swift; path = LoadingState.swift; sourceTree = "<group>"; };
		4CDE838025A78A3F00F3453D /* DownloadHandler.swift */ = {isa = PBXFileReference; fileEncoding = 4; lastKnownFileType = sourcecode.swift; path = DownloadHandler.swift; sourceTree = "<group>"; };
		4CDE838125A78A3F00F3453D /* URLSessionDownloadDelegateWrapper.swift */ = {isa = PBXFileReference; fileEncoding = 4; lastKnownFileType = sourcecode.swift; path = URLSessionDownloadDelegateWrapper.swift; sourceTree = "<group>"; };
		4CDE838225A78A3F00F3453D /* DownloadObserver.swift */ = {isa = PBXFileReference; fileEncoding = 4; lastKnownFileType = sourcecode.swift; path = DownloadObserver.swift; sourceTree = "<group>"; };
		4CDE838325A78A3F00F3453D /* DownloadService.swift */ = {isa = PBXFileReference; fileEncoding = 4; lastKnownFileType = sourcecode.swift; path = DownloadService.swift; sourceTree = "<group>"; };
		4CDE838525A78A3F00F3453D /* ImageLoaderContentView.swift */ = {isa = PBXFileReference; fileEncoding = 4; lastKnownFileType = sourcecode.swift; path = ImageLoaderContentView.swift; sourceTree = "<group>"; };
		4CDE838625A78A3F00F3453D /* ImageLoaderView.swift */ = {isa = PBXFileReference; fileEncoding = 4; lastKnownFileType = sourcecode.swift; path = ImageLoaderView.swift; sourceTree = "<group>"; };
		4CDE838725A78A3F00F3453D /* ImageDownloadHandler.swift */ = {isa = PBXFileReference; fileEncoding = 4; lastKnownFileType = sourcecode.swift; path = ImageDownloadHandler.swift; sourceTree = "<group>"; };
		4CDE838A25A78A3F00F3453D /* CGContext+Extensions.swift */ = {isa = PBXFileReference; fileEncoding = 4; lastKnownFileType = sourcecode.swift; path = "CGContext+Extensions.swift"; sourceTree = "<group>"; };
		4CDE838B25A78A3F00F3453D /* CGImage+Extensions.swift */ = {isa = PBXFileReference; fileEncoding = 4; lastKnownFileType = sourcecode.swift; path = "CGImage+Extensions.swift"; sourceTree = "<group>"; };
		4CDE838C25A78A3F00F3453D /* Log.swift */ = {isa = PBXFileReference; fileEncoding = 4; lastKnownFileType = sourcecode.swift; path = Log.swift; sourceTree = "<group>"; };
		4CDE838D25A78A3F00F3453D /* CacheHelper.swift */ = {isa = PBXFileReference; fileEncoding = 4; lastKnownFileType = sourcecode.swift; path = CacheHelper.swift; sourceTree = "<group>"; };
		4CDE838E25A78A3F00F3453D /* Version.swift */ = {isa = PBXFileReference; fileEncoding = 4; lastKnownFileType = sourcecode.swift; path = Version.swift; sourceTree = "<group>"; };
		4CDE838F25A78A3F00F3453D /* ImageSource.swift */ = {isa = PBXFileReference; fileEncoding = 4; lastKnownFileType = sourcecode.swift; path = ImageSource.swift; sourceTree = "<group>"; };
		4CDE839125A78A3F00F3453D /* CoreDataModelDescription.swift */ = {isa = PBXFileReference; fileEncoding = 4; lastKnownFileType = sourcecode.swift; path = CoreDataModelDescription.swift; sourceTree = "<group>"; };
		4CDE839225A78A3F00F3453D /* CoreDataEntityDescription.swift */ = {isa = PBXFileReference; fileEncoding = 4; lastKnownFileType = sourcecode.swift; path = CoreDataEntityDescription.swift; sourceTree = "<group>"; };
		4CDE839325A78A3F00F3453D /* CoreDataFetchIndexDescription.swift */ = {isa = PBXFileReference; fileEncoding = 4; lastKnownFileType = sourcecode.swift; path = CoreDataFetchIndexDescription.swift; sourceTree = "<group>"; };
		4CDE839425A78A3F00F3453D /* CoreDataAttributeDescription.swift */ = {isa = PBXFileReference; fileEncoding = 4; lastKnownFileType = sourcecode.swift; path = CoreDataAttributeDescription.swift; sourceTree = "<group>"; };
		4CDE839525A78A3F00F3453D /* DefaultPlaceholder.swift */ = {isa = PBXFileReference; fileEncoding = 4; lastKnownFileType = sourcecode.swift; path = DefaultPlaceholder.swift; sourceTree = "<group>"; };
		4CDE839625A78A3F00F3453D /* FileManager+Extensions.swift */ = {isa = PBXFileReference; fileEncoding = 4; lastKnownFileType = sourcecode.swift; path = "FileManager+Extensions.swift"; sourceTree = "<group>"; };
		4CDE839825A78A3F00F3453D /* ImageIOUtils.swift */ = {isa = PBXFileReference; fileEncoding = 4; lastKnownFileType = sourcecode.swift; path = ImageIOUtils.swift; sourceTree = "<group>"; };
		4CDE839A25A78A3F00F3453D /* ImageDecoder.swift */ = {isa = PBXFileReference; fileEncoding = 4; lastKnownFileType = sourcecode.swift; path = ImageDecoder.swift; sourceTree = "<group>"; };
		4CDE83BA25A78A4500F3453D /* URLImage.swift */ = {isa = PBXFileReference; fileEncoding = 4; lastKnownFileType = sourcecode.swift; path = URLImage.swift; sourceTree = "<group>"; };
		4CDE83BE25A78A4D00F3453D /* AnimatedImageView.swift */ = {isa = PBXFileReference; fileEncoding = 4; lastKnownFileType = sourcecode.swift; path = AnimatedImageView.swift; sourceTree = "<group>"; };
		4CDE83C025A78A4D00F3453D /* ProgressView.swift */ = {isa = PBXFileReference; fileEncoding = 4; lastKnownFileType = sourcecode.swift; path = ProgressView.swift; sourceTree = "<group>"; };
		4CDE83C225A78A4D00F3453D /* CircleProgressShape.swift */ = {isa = PBXFileReference; fileEncoding = 4; lastKnownFileType = sourcecode.swift; path = CircleProgressShape.swift; sourceTree = "<group>"; };
		4CDE83C325A78A4D00F3453D /* CircleActivityView.swift */ = {isa = PBXFileReference; fileEncoding = 4; lastKnownFileType = sourcecode.swift; path = CircleActivityView.swift; sourceTree = "<group>"; };
		4CDE83C425A78A4D00F3453D /* CircleProgressView.swift */ = {isa = PBXFileReference; fileEncoding = 4; lastKnownFileType = sourcecode.swift; path = CircleProgressView.swift; sourceTree = "<group>"; };
		4CDE83CE25A78B2000F3453D /* buttons.swift */ = {isa = PBXFileReference; lastKnownFileType = sourcecode.swift; path = buttons.swift; sourceTree = "<group>"; };
		4CDE83DB25A78E2300F3453D /* realm.swift */ = {isa = PBXFileReference; lastKnownFileType = sourcecode.swift; path = realm.swift; sourceTree = "<group>"; };
		4CDE83DF25A794BA00F3453D /* Home.swift */ = {isa = PBXFileReference; lastKnownFileType = sourcecode.swift; path = Home.swift; sourceTree = "<group>"; };
		4CDE83E325A797FA00F3453D /* animations.swift */ = {isa = PBXFileReference; lastKnownFileType = sourcecode.swift; path = animations.swift; sourceTree = "<group>"; };
		4CDE83E625A79C0900F3453D /* classes.swift */ = {isa = PBXFileReference; lastKnownFileType = sourcecode.swift; path = classes.swift; sourceTree = "<group>"; };
		4CDE83E925A7A26200F3453D /* gestures.swift */ = {isa = PBXFileReference; lastKnownFileType = sourcecode.swift; path = gestures.swift; sourceTree = "<group>"; };
		4CDE83EC25A7A57C00F3453D /* realm_classes.swift */ = {isa = PBXFileReference; lastKnownFileType = sourcecode.swift; path = realm_classes.swift; sourceTree = "<group>"; };
		4CDE83EF25A7A75200F3453D /* structures.swift */ = {isa = PBXFileReference; lastKnownFileType = sourcecode.swift; path = structures.swift; sourceTree = "<group>"; };
		4CDE83F225A7A7D700F3453D /* realm_locations.swift */ = {isa = PBXFileReference; lastKnownFileType = sourcecode.swift; path = realm_locations.swift; sourceTree = "<group>"; };
		4CDE83F925A86E9F00F3453D /* location.swift */ = {isa = PBXFileReference; lastKnownFileType = sourcecode.swift; path = location.swift; sourceTree = "<group>"; };
		4CDE83FD25A86FAE00F3453D /* core.swift */ = {isa = PBXFileReference; lastKnownFileType = sourcecode.swift; path = core.swift; sourceTree = "<group>"; };
		4CDE840625A873D800F3453D /* add_location.swift */ = {isa = PBXFileReference; lastKnownFileType = sourcecode.swift; path = add_location.swift; sourceTree = "<group>"; };
		4CDE840B25A874BB00F3453D /* maps_classes.swift */ = {isa = PBXFileReference; lastKnownFileType = sourcecode.swift; path = maps_classes.swift; sourceTree = "<group>"; };
		4CDE841025A8764300F3453D /* map.swift */ = {isa = PBXFileReference; lastKnownFileType = sourcecode.swift; path = map.swift; sourceTree = "<group>"; };
		4CDE841725A8785100F3453D /* view.swift */ = {isa = PBXFileReference; lastKnownFileType = sourcecode.swift; path = view.swift; sourceTree = "<group>"; };
		4CDE841C25A89A4700F3453D /* Yelm.ProjectX.entitlements */ = {isa = PBXFileReference; lastKnownFileType = text.plist.entitlements; path = Yelm.ProjectX.entitlements; sourceTree = "<group>"; };
		4CDE841E25A8AA5A00F3453D /* item.swift */ = {isa = PBXFileReference; lastKnownFileType = sourcecode.swift; path = item.swift; sourceTree = "<group>"; };
		4CDE842125A9E10300F3453D /* cart.swift */ = {isa = PBXFileReference; lastKnownFileType = sourcecode.swift; path = cart.swift; sourceTree = "<group>"; };
		4CDE842525A9E33400F3453D /* cart_item.swift */ = {isa = PBXFileReference; lastKnownFileType = sourcecode.swift; path = cart_item.swift; sourceTree = "<group>"; };
		4CDE842F25A9EFC300F3453D /* offer.swift */ = {isa = PBXFileReference; lastKnownFileType = sourcecode.swift; path = offer.swift; sourceTree = "<group>"; };
		4CDE843325A9F15500F3453D /* variables.swift */ = {isa = PBXFileReference; lastKnownFileType = sourcecode.swift; path = variables.swift; sourceTree = "<group>"; };
		4CDE843625AB37AE00F3453D /* search.swift */ = {isa = PBXFileReference; lastKnownFileType = sourcecode.swift; path = search.swift; sourceTree = "<group>"; };
		4CDE843A25AB3B2D00F3453D /* search_item.swift */ = {isa = PBXFileReference; lastKnownFileType = sourcecode.swift; path = search_item.swift; sourceTree = "<group>"; };
		4CDE843E25AB5EEF00F3453D /* chat.swift */ = {isa = PBXFileReference; lastKnownFileType = sourcecode.swift; path = chat.swift; sourceTree = "<group>"; };
		4CDE844525AB614800F3453D /* ui.swift */ = {isa = PBXFileReference; lastKnownFileType = sourcecode.swift; path = ui.swift; sourceTree = "<group>"; };
		4CF55FC225AEFE2B0038A4CC /* images.swift */ = {isa = PBXFileReference; lastKnownFileType = sourcecode.swift; path = images.swift; sourceTree = "<group>"; };
		4CF55FC625B070B20038A4CC /* camera.swift */ = {isa = PBXFileReference; lastKnownFileType = sourcecode.swift; path = camera.swift; sourceTree = "<group>"; };
		4CF55FCE25B2F5270038A4CC /* news.swift */ = {isa = PBXFileReference; lastKnownFileType = sourcecode.swift; path = news.swift; sourceTree = "<group>"; };
		4CF5601425B5ADD60038A4CC /* news_single.swift */ = {isa = PBXFileReference; lastKnownFileType = sourcecode.swift; path = news_single.swift; sourceTree = "<group>"; };
		4CF5601825B5AFA40038A4CC /* webview.swift */ = {isa = PBXFileReference; lastKnownFileType = sourcecode.swift; path = webview.swift; sourceTree = "<group>"; };
		4CF5601B25B7124E0038A4CC /* subcategories.swift */ = {isa = PBXFileReference; lastKnownFileType = sourcecode.swift; path = subcategories.swift; sourceTree = "<group>"; };
		58E7E1E7480802335A5DAE62 /* Pods_Yelm_ProjectX.framework */ = {isa = PBXFileReference; explicitFileType = wrapper.framework; includeInIndex = 0; path = Pods_Yelm_ProjectX.framework; sourceTree = BUILT_PRODUCTS_DIR; };
		736B0EF31A2553BDC8E3C2BA /* Pods-Yelm.ProjectX.debug.xcconfig */ = {isa = PBXFileReference; includeInIndex = 1; lastKnownFileType = text.xcconfig; name = "Pods-Yelm.ProjectX.debug.xcconfig"; path = "Target Support Files/Pods-Yelm.ProjectX/Pods-Yelm.ProjectX.debug.xcconfig"; sourceTree = "<group>"; };
		D44DF5DA2639617E005CE414 /* scanner_preview.swift */ = {isa = PBXFileReference; lastKnownFileType = sourcecode.swift; path = scanner_preview.swift; sourceTree = "<group>"; };
		D44DF5E22639621A005CE414 /* color.swift */ = {isa = PBXFileReference; lastKnownFileType = sourcecode.swift; path = color.swift; sourceTree = "<group>"; };
		D4718B9726243A2E00E140C2 /* feed.swift */ = {isa = PBXFileReference; lastKnownFileType = sourcecode.swift; path = feed.swift; sourceTree = "<group>"; };
		D4718B9A26243A3800E140C2 /* feed_item.swift */ = {isa = PBXFileReference; lastKnownFileType = sourcecode.swift; path = feed_item.swift; sourceTree = "<group>"; };
		D4718B9D26244E7B00E140C2 /* feed_read.swift */ = {isa = PBXFileReference; lastKnownFileType = sourcecode.swift; path = feed_read.swift; sourceTree = "<group>"; };
		D4718BBE2626EB1200E140C2 /* Yelm.ProjectXUITests.xctest */ = {isa = PBXFileReference; explicitFileType = wrapper.cfbundle; includeInIndex = 0; path = Yelm.ProjectXUITests.xctest; sourceTree = BUILT_PRODUCTS_DIR; };
		D4718BC02626EB1200E140C2 /* Yelm_ProjectXUITests.swift */ = {isa = PBXFileReference; lastKnownFileType = sourcecode.swift; path = Yelm_ProjectXUITests.swift; sourceTree = "<group>"; };
		D4718BC22626EB1200E140C2 /* Info.plist */ = {isa = PBXFileReference; lastKnownFileType = text.plist.xml; path = Info.plist; sourceTree = "<group>"; };
		D4718BCA2626EB2100E140C2 /* SnapshotHelper.swift */ = {isa = PBXFileReference; fileEncoding = 4; lastKnownFileType = sourcecode.swift; name = SnapshotHelper.swift; path = fastlane/SnapshotHelper.swift; sourceTree = SOURCE_ROOT; };
		D48F29B325F7CF9300570A3A /* Yelm.Pay */ = {isa = PBXFileReference; lastKnownFileType = folder; name = Yelm.Pay; path = ../../../Yelm.Pay; sourceTree = "<group>"; };
		D48F29B425F7CF9800570A3A /* Yelm.Server */ = {isa = PBXFileReference; lastKnownFileType = folder; name = Yelm.Server; path = ../../../Yelm.Server; sourceTree = "<group>"; };
		D48F29B525F7CFB800570A3A /* Yelm.Chat */ = {isa = PBXFileReference; lastKnownFileType = folder; name = Yelm.Chat; path = ../../../Yelm.Chat; sourceTree = "<group>"; };
		D490E63F262CAD9A00362345 /* item_images.swift */ = {isa = PBXFileReference; lastKnownFileType = sourcecode.swift; path = item_images.swift; sourceTree = "<group>"; };
		D490E64C262CB98000362345 /* image_view_repo.swift */ = {isa = PBXFileReference; lastKnownFileType = sourcecode.swift; path = image_view_repo.swift; sourceTree = "<group>"; };
		D4B8C4A825F7EA3300B9E478 /* func.swift */ = {isa = PBXFileReference; lastKnownFileType = sourcecode.swift; path = func.swift; sourceTree = "<group>"; };
		D4DFA15025F8D27900E608C8 /* rating.swift */ = {isa = PBXFileReference; lastKnownFileType = sourcecode.swift; path = rating.swift; sourceTree = "<group>"; };
/* End PBXFileReference section */

/* Begin PBXFrameworksBuildPhase section */
		4C70235625A749BD00A750D2 /* Frameworks */ = {
			isa = PBXFrameworksBuildPhase;
			buildActionMask = 2147483647;
			files = (
				4C70237825A74C1200A750D2 /* Yelm.Server in Frameworks */,
				4CDE83D725A78DF500F3453D /* Realm in Frameworks */,
				4C3CEBB125D193540089EFF9 /* SwiftUIX in Frameworks */,
				4C1BB4FD25D2CF8900604276 /* VideoPlayer in Frameworks */,
				4CF5602125B716FF0038A4CC /* Grid in Frameworks */,
				D4DFA14E25F8B72100E608C8 /* Yelm.Server in Frameworks */,
				4CDE83D925A78DF500F3453D /* RealmSwift in Frameworks */,
				4CDE834625A74ED700F3453D /* Yelm.Pay in Frameworks */,
				4C9AC9C125C5F634002C1C04 /* Yelm.Chat in Frameworks */,
				A7705D6F5A3DC1EFD32DAF86 /* Pods_Yelm_ProjectX.framework in Frameworks */,
				4C3CEB0625CC8A6C0089EFF9 /* ConfettiView in Frameworks */,
				D4DFA14525F8B39700E608C8 /* Yelm.Chat in Frameworks */,
				D4DFA14125F8B37700E608C8 /* Yelm.Pay in Frameworks */,
			);
			runOnlyForDeploymentPostprocessing = 0;
		};
		D4718BBB2626EB1200E140C2 /* Frameworks */ = {
			isa = PBXFrameworksBuildPhase;
			buildActionMask = 2147483647;
			files = (
			);
			runOnlyForDeploymentPostprocessing = 0;
		};
/* End PBXFrameworksBuildPhase section */

/* Begin PBXGroup section */
		4C1BB4F125D2A75500604276 /* stroies */ = {
			isa = PBXGroup;
			children = (
				4C1BB4F225D2A76500604276 /* story.swift */,
				4C1BB4F525D2A77700604276 /* processing.swift */,
				4C1BB4F825D2A78700604276 /* story_loading.swift */,
			);
			path = stroies;
			sourceTree = "<group>";
		};
		4C3CEB0825CC8A920089EFF9 /* confetti */ = {
			isa = PBXGroup;
			children = (
				4C3CEB0925CC8AA50089EFF9 /* confetti.swift */,
			);
			path = confetti;
			sourceTree = "<group>";
		};
		4C70235025A749BD00A750D2 = {
			isa = PBXGroup;
			children = (
				4C70235B25A749BD00A750D2 /* Yelm.ProjectX */,
				D4718BBF2626EB1200E140C2 /* Yelm.ProjectXUITests */,
				4C70235A25A749BD00A750D2 /* Products */,
				4C70237625A74C1200A750D2 /* Frameworks */,
				748C13968F0BBEB99F72135E /* Pods */,
			);
			sourceTree = "<group>";
		};
		4C70235A25A749BD00A750D2 /* Products */ = {
			isa = PBXGroup;
			children = (
				4C70235925A749BD00A750D2 /* Yelm.ProjectX.app */,
				D4718BBE2626EB1200E140C2 /* Yelm.ProjectXUITests.xctest */,
			);
			name = Products;
			sourceTree = "<group>";
		};
		4C70235B25A749BD00A750D2 /* Yelm.ProjectX */ = {
			isa = PBXGroup;
			children = (
				D48F29B225F7CF8500570A3A /* libs */,
				4CDE841C25A89A4700F3453D /* Yelm.ProjectX.entitlements */,
				4CDE835A25A788C400F3453D /* pages */,
				4CDE835925A780F100F3453D /* extensions */,
				4CDE83F625A7AE8800F3453D /* realm */,
				4C70236025A749BD00A750D2 /* Start.swift */,
				4CDE83DF25A794BA00F3453D /* Home.swift */,
				4C70236225A749BF00A750D2 /* Assets.xcassets */,
				4C70236A25A749BF00A750D2 /* Info.plist */,
				4CDE835225A7801D00F3453D /* asa */,
				4CDE835425A7802D00F3453D /* asl */,
			);
			path = Yelm.ProjectX;
			sourceTree = "<group>";
		};
		4C70236425A749BF00A750D2 /* Preview Content */ = {
			isa = PBXGroup;
			children = (
				4C70236525A749BF00A750D2 /* Preview Assets.xcassets */,
			);
			path = "Preview Content";
			sourceTree = "<group>";
		};
		4C70237625A74C1200A750D2 /* Frameworks */ = {
			isa = PBXGroup;
			children = (
				58E7E1E7480802335A5DAE62 /* Pods_Yelm_ProjectX.framework */,
			);
			name = Frameworks;
			sourceTree = "<group>";
		};
		4CDE835225A7801D00F3453D /* asa */ = {
			isa = PBXGroup;
			children = (
				4C70235C25A749BD00A750D2 /* AppDelegate.swift */,
				4C70235E25A749BD00A750D2 /* SceneDelegate.swift */,
				4C1BB4EC25D29DAF00604276 /* Localizable.strings */,
			);
			path = asa;
			sourceTree = "<group>";
		};
		4CDE835425A7802D00F3453D /* asl */ = {
			isa = PBXGroup;
			children = (
				4C70236725A749BF00A750D2 /* LaunchScreen.storyboard */,
				4C70236425A749BF00A750D2 /* Preview Content */,
			);
			path = asl;
			sourceTree = "<group>";
		};
		4CDE835925A780F100F3453D /* extensions */ = {
			isa = PBXGroup;
			children = (
				4C1BB4F125D2A75500604276 /* stroies */,
				4C3CEB0825CC8A920089EFF9 /* confetti */,
				4CDE844125AB612300F3453D /* chat */,
				4CDE840A25A874AE00F3453D /* maps */,
				4CDE83F825A86E8B00F3453D /* modal views */,
				4CDE836825A78A1C00F3453D /* images */,
				4CDE835F25A7899E00F3453D /* blur.swift */,
				4CDE836225A789B800F3453D /* shapes.swift */,
				D4DFA15025F8D27900E608C8 /* rating.swift */,
				4CDE83CE25A78B2000F3453D /* buttons.swift */,
				4CDE83E325A797FA00F3453D /* animations.swift */,
				4CDE83E625A79C0900F3453D /* classes.swift */,
				4CDE83E925A7A26200F3453D /* gestures.swift */,
				4CDE83EF25A7A75200F3453D /* structures.swift */,
				4CDE841725A8785100F3453D /* view.swift */,
				4CDE843325A9F15500F3453D /* variables.swift */,
				4CF5601825B5AFA40038A4CC /* webview.swift */,
				D4B8C4A825F7EA3300B9E478 /* func.swift */,
				D44DF5E22639621A005CE414 /* color.swift */,
			);
			path = extensions;
			sourceTree = "<group>";
		};
		4CDE835A25A788C400F3453D /* pages */ = {
			isa = PBXGroup;
			children = (
				D44DF5D926396169005CE414 /* scanner */,
				D490E63E262CAD8600362345 /* items */,
				D4718B9626243A1B00E140C2 /* blog */,
				4CDE842F25A9EFC300F3453D /* offer.swift */,
				4CDE843625AB37AE00F3453D /* search.swift */,
				4CDE843A25AB3B2D00F3453D /* search_item.swift */,
				4CDE843E25AB5EEF00F3453D /* chat.swift */,
				4CF55FCE25B2F5270038A4CC /* news.swift */,
				4CF5601425B5ADD60038A4CC /* news_single.swift */,
				4C1BB4E125D1ABC000604276 /* news_single_items.swift */,
				4CF5601B25B7124E0038A4CC /* subcategories.swift */,
				4CAA9F6C25B83B04005CEB96 /* subcategoies_grid.swift */,
				4CAA9F7025B83D78005CEB96 /* subcategories_grid_item.swift */,
				4C3CEB0025CC7D4E0089EFF9 /* history.swift */,
				4C3CEB0C25CD2B260089EFF9 /* history_item.swift */,
				4C192B0025C0739E00059597 /* D3DS.swift */,
				4C192AFC25BCD44C00059597 /* payment.swift */,
				4CC347F725DEBF120018A27A /* catalog.swift */,
				4CDE842825A9E33900F3453D /* cart */,
			);
			path = pages;
			sourceTree = "<group>";
		};
		4CDE836825A78A1C00F3453D /* images */ = {
			isa = PBXGroup;
			children = (
				4CDE83BA25A78A4500F3453D /* URLImage.swift */,
				4CDE836925A78A2A00F3453D /* URLImageService.swift */,
				4CDE83BD25A78A4D00F3453D /* Views */,
				4CDE837C25A78A3F00F3453D /* ImageLoader */,
				4CDE837225A78A3F00F3453D /* ImageProcessing */,
				4CDE837925A78A3F00F3453D /* Model */,
				4CDE838825A78A3F00F3453D /* Utils */,
				4CDE836C25A78A3200F3453D /* ImageCache */,
				D490E64C262CB98000362345 /* image_view_repo.swift */,
			);
			path = images;
			sourceTree = "<group>";
		};
		4CDE836C25A78A3200F3453D /* ImageCache */ = {
			isa = PBXGroup;
			children = (
				4CDE836D25A78A3200F3453D /* FileIndex.swift */,
				4CDE836E25A78A3200F3453D /* RemoteFileCacheService.swift */,
			);
			path = ImageCache;
			sourceTree = "<group>";
		};
		4CDE837225A78A3F00F3453D /* ImageProcessing */ = {
			isa = PBXGroup;
			children = (
				4CDE837325A78A3F00F3453D /* ImageProcessing.swift */,
				4CDE837425A78A3F00F3453D /* Processors */,
			);
			path = ImageProcessing;
			sourceTree = "<group>";
		};
		4CDE837425A78A3F00F3453D /* Processors */ = {
			isa = PBXGroup;
			children = (
				4CDE837525A78A3F00F3453D /* CoreImageFilterProcessor.swift */,
				4CDE837625A78A3F00F3453D /* ImageProcessorClosure.swift */,
				4CDE837725A78A3F00F3453D /* Resize.swift */,
				4CDE837825A78A3F00F3453D /* ImageProcessorGroup.swift */,
			);
			path = Processors;
			sourceTree = "<group>";
		};
		4CDE837925A78A3F00F3453D /* Model */ = {
			isa = PBXGroup;
			children = (
				4CDE837A25A78A3F00F3453D /* ImageProxy.swift */,
				4CDE837B25A78A3F00F3453D /* DownloadProgressWrapper.swift */,
			);
			path = Model;
			sourceTree = "<group>";
		};
		4CDE837C25A78A3F00F3453D /* ImageLoader */ = {
			isa = PBXGroup;
			children = (
				4CDE837D25A78A3F00F3453D /* Downloader */,
				4CDE838425A78A3F00F3453D /* Views */,
				4CDE838725A78A3F00F3453D /* ImageDownloadHandler.swift */,
			);
			path = ImageLoader;
			sourceTree = "<group>";
		};
		4CDE837D25A78A3F00F3453D /* Downloader */ = {
			isa = PBXGroup;
			children = (
				4CDE837E25A78A3F00F3453D /* DownloadCoordinator.swift */,
				4CDE837F25A78A3F00F3453D /* LoadingState.swift */,
				4CDE838025A78A3F00F3453D /* DownloadHandler.swift */,
				4CDE838125A78A3F00F3453D /* URLSessionDownloadDelegateWrapper.swift */,
				4CDE838225A78A3F00F3453D /* DownloadObserver.swift */,
				4CDE838325A78A3F00F3453D /* DownloadService.swift */,
			);
			path = Downloader;
			sourceTree = "<group>";
		};
		4CDE838425A78A3F00F3453D /* Views */ = {
			isa = PBXGroup;
			children = (
				4CDE838525A78A3F00F3453D /* ImageLoaderContentView.swift */,
				4CDE838625A78A3F00F3453D /* ImageLoaderView.swift */,
			);
			path = Views;
			sourceTree = "<group>";
		};
		4CDE838825A78A3F00F3453D /* Utils */ = {
			isa = PBXGroup;
			children = (
				4CDE838925A78A3F00F3453D /* CoreGraphics */,
				4CDE838C25A78A3F00F3453D /* Log.swift */,
				4CDE838D25A78A3F00F3453D /* CacheHelper.swift */,
				4CDE838E25A78A3F00F3453D /* Version.swift */,
				4CDE838F25A78A3F00F3453D /* ImageSource.swift */,
				4CDE839025A78A3F00F3453D /* CoreData */,
				4CDE839525A78A3F00F3453D /* DefaultPlaceholder.swift */,
				4CDE839625A78A3F00F3453D /* FileManager+Extensions.swift */,
				4CDE839725A78A3F00F3453D /* ImageIO */,
			);
			path = Utils;
			sourceTree = "<group>";
		};
		4CDE838925A78A3F00F3453D /* CoreGraphics */ = {
			isa = PBXGroup;
			children = (
				4CDE838A25A78A3F00F3453D /* CGContext+Extensions.swift */,
				4CDE838B25A78A3F00F3453D /* CGImage+Extensions.swift */,
			);
			path = CoreGraphics;
			sourceTree = "<group>";
		};
		4CDE839025A78A3F00F3453D /* CoreData */ = {
			isa = PBXGroup;
			children = (
				4CDE839125A78A3F00F3453D /* CoreDataModelDescription.swift */,
				4CDE839225A78A3F00F3453D /* CoreDataEntityDescription.swift */,
				4CDE839325A78A3F00F3453D /* CoreDataFetchIndexDescription.swift */,
				4CDE839425A78A3F00F3453D /* CoreDataAttributeDescription.swift */,
			);
			path = CoreData;
			sourceTree = "<group>";
		};
		4CDE839725A78A3F00F3453D /* ImageIO */ = {
			isa = PBXGroup;
			children = (
				4CDE839825A78A3F00F3453D /* ImageIOUtils.swift */,
				4CDE839925A78A3F00F3453D /* ImageDecoder */,
			);
			path = ImageIO;
			sourceTree = "<group>";
		};
		4CDE839925A78A3F00F3453D /* ImageDecoder */ = {
			isa = PBXGroup;
			children = (
				4CDE839A25A78A3F00F3453D /* ImageDecoder.swift */,
			);
			path = ImageDecoder;
			sourceTree = "<group>";
		};
		4CDE83BD25A78A4D00F3453D /* Views */ = {
			isa = PBXGroup;
			children = (
				4CDE83BE25A78A4D00F3453D /* AnimatedImageView.swift */,
				4CDE83BF25A78A4D00F3453D /* ProgressView */,
			);
			path = Views;
			sourceTree = "<group>";
		};
		4CDE83BF25A78A4D00F3453D /* ProgressView */ = {
			isa = PBXGroup;
			children = (
				4CDE83C025A78A4D00F3453D /* ProgressView.swift */,
				4CDE83C125A78A4D00F3453D /* Circle */,
			);
			path = ProgressView;
			sourceTree = "<group>";
		};
		4CDE83C125A78A4D00F3453D /* Circle */ = {
			isa = PBXGroup;
			children = (
				4CDE83C225A78A4D00F3453D /* CircleProgressShape.swift */,
				4CDE83C325A78A4D00F3453D /* CircleActivityView.swift */,
				4CDE83C425A78A4D00F3453D /* CircleProgressView.swift */,
			);
			path = Circle;
			sourceTree = "<group>";
		};
		4CDE83F625A7AE8800F3453D /* realm */ = {
			isa = PBXGroup;
			children = (
				4CDE83DB25A78E2300F3453D /* realm.swift */,
				4CDE83F225A7A7D700F3453D /* realm_locations.swift */,
				4CDE83EC25A7A57C00F3453D /* realm_classes.swift */,
			);
			path = realm;
			sourceTree = "<group>";
		};
		4CDE83F825A86E8B00F3453D /* modal views */ = {
			isa = PBXGroup;
			children = (
				4CF55FC225AEFE2B0038A4CC /* images.swift */,
				4CDE840625A873D800F3453D /* add_location.swift */,
				4CDE83F925A86E9F00F3453D /* location.swift */,
				4CDE83FD25A86FAE00F3453D /* core.swift */,
			);
			path = "modal views";
			sourceTree = "<group>";
		};
		4CDE840A25A874AE00F3453D /* maps */ = {
			isa = PBXGroup;
			children = (
				4CDE840B25A874BB00F3453D /* maps_classes.swift */,
				4CDE841025A8764300F3453D /* map.swift */,
			);
			path = maps;
			sourceTree = "<group>";
		};
		4CDE842825A9E33900F3453D /* cart */ = {
			isa = PBXGroup;
			children = (
				4CDE842125A9E10300F3453D /* cart.swift */,
				4CDE842525A9E33400F3453D /* cart_item.swift */,
			);
			path = cart;
			sourceTree = "<group>";
		};
		4CDE844125AB612300F3453D /* chat */ = {
			isa = PBXGroup;
			children = (
				4CDE844525AB614800F3453D /* ui.swift */,
				4CF55FC625B070B20038A4CC /* camera.swift */,
			);
			path = chat;
			sourceTree = "<group>";
		};
		748C13968F0BBEB99F72135E /* Pods */ = {
			isa = PBXGroup;
			children = (
				736B0EF31A2553BDC8E3C2BA /* Pods-Yelm.ProjectX.debug.xcconfig */,
				1B69168527B2637AB35B1B9A /* Pods-Yelm.ProjectX.release.xcconfig */,
			);
			path = Pods;
			sourceTree = "<group>";
		};
		D44DF5D926396169005CE414 /* scanner */ = {
			isa = PBXGroup;
			children = (
				D44DF5DA2639617E005CE414 /* scanner_preview.swift */,
			);
			path = scanner;
			sourceTree = "<group>";
		};
		D4718B9626243A1B00E140C2 /* blog */ = {
			isa = PBXGroup;
			children = (
				D4718B9726243A2E00E140C2 /* feed.swift */,
				D4718B9A26243A3800E140C2 /* feed_item.swift */,
				D4718B9D26244E7B00E140C2 /* feed_read.swift */,
			);
			path = blog;
			sourceTree = "<group>";
		};
		D4718BBF2626EB1200E140C2 /* Yelm.ProjectXUITests */ = {
			isa = PBXGroup;
			children = (
				D4718BCA2626EB2100E140C2 /* SnapshotHelper.swift */,
				D4718BC02626EB1200E140C2 /* Yelm_ProjectXUITests.swift */,
				D4718BC22626EB1200E140C2 /* Info.plist */,
			);
			path = Yelm.ProjectXUITests;
			sourceTree = "<group>";
		};
		D48F29B225F7CF8500570A3A /* libs */ = {
			isa = PBXGroup;
			children = (
				D48F29B525F7CFB800570A3A /* Yelm.Chat */,
				D48F29B425F7CF9800570A3A /* Yelm.Server */,
				D48F29B325F7CF9300570A3A /* Yelm.Pay */,
			);
			path = libs;
			sourceTree = "<group>";
		};
		D490E63E262CAD8600362345 /* items */ = {
			isa = PBXGroup;
			children = (
				4CDE835B25A788DD00F3453D /* items.swift */,
				4CDE841E25A8AA5A00F3453D /* item.swift */,
				D490E63F262CAD9A00362345 /* item_images.swift */,
			);
			path = items;
			sourceTree = "<group>";
		};
/* End PBXGroup section */

/* Begin PBXNativeTarget section */
		4C70235825A749BD00A750D2 /* Yelm.ProjectX */ = {
			isa = PBXNativeTarget;
			buildConfigurationList = 4C70236D25A749BF00A750D2 /* Build configuration list for PBXNativeTarget "Yelm.ProjectX" */;
			buildPhases = (
				4EDB17A33E7DC3251770B527 /* [CP] Check Pods Manifest.lock */,
				4C70235525A749BD00A750D2 /* Sources */,
				4C70235625A749BD00A750D2 /* Frameworks */,
				4C70235725A749BD00A750D2 /* Resources */,
				43B772D37976AF9E321BDC83 /* [CP] Copy Pods Resources */,
			);
			buildRules = (
			);
			dependencies = (
			);
			name = Yelm.ProjectX;
			packageProductDependencies = (
				4C70237725A74C1200A750D2 /* Yelm.Server */,
				4CDE834525A74ED700F3453D /* Yelm.Pay */,
				4CDE83D625A78DF500F3453D /* Realm */,
				4CDE83D825A78DF500F3453D /* RealmSwift */,
				4CF5602025B716FF0038A4CC /* Grid */,
				4C9AC9C025C5F634002C1C04 /* Yelm.Chat */,
				4C3CEB0525CC8A6C0089EFF9 /* ConfettiView */,
				4C3CEBB025D193540089EFF9 /* SwiftUIX */,
				4C1BB4FC25D2CF8900604276 /* VideoPlayer */,
				D4DFA14025F8B37700E608C8 /* Yelm.Pay */,
				D4DFA14425F8B39700E608C8 /* Yelm.Chat */,
				D4DFA14D25F8B72100E608C8 /* Yelm.Server */,
			);
			productName = Yelm.ProjectX;
			productReference = 4C70235925A749BD00A750D2 /* Yelm.ProjectX.app */;
			productType = "com.apple.product-type.application";
		};
		D4718BBD2626EB1200E140C2 /* Yelm.ProjectXUITests */ = {
			isa = PBXNativeTarget;
			buildConfigurationList = D4718BC72626EB1200E140C2 /* Build configuration list for PBXNativeTarget "Yelm.ProjectXUITests" */;
			buildPhases = (
				D4718BBA2626EB1200E140C2 /* Sources */,
				D4718BBB2626EB1200E140C2 /* Frameworks */,
				D4718BBC2626EB1200E140C2 /* Resources */,
			);
			buildRules = (
			);
			dependencies = (
				D4718BC42626EB1200E140C2 /* PBXTargetDependency */,
			);
			name = Yelm.ProjectXUITests;
			productName = Yelm.ProjectXUITests;
			productReference = D4718BBE2626EB1200E140C2 /* Yelm.ProjectXUITests.xctest */;
			productType = "com.apple.product-type.bundle.ui-testing";
		};
/* End PBXNativeTarget section */

/* Begin PBXProject section */
		4C70235125A749BD00A750D2 /* Project object */ = {
			isa = PBXProject;
			attributes = {
				LastSwiftUpdateCheck = 1240;
				LastUpgradeCheck = 1230;
				TargetAttributes = {
					4C70235825A749BD00A750D2 = {
						CreatedOnToolsVersion = 12.3;
					};
					D4718BBD2626EB1200E140C2 = {
						CreatedOnToolsVersion = 12.4;
						TestTargetID = 4C70235825A749BD00A750D2;
					};
				};
			};
			buildConfigurationList = 4C70235425A749BD00A750D2 /* Build configuration list for PBXProject "Yelm.ProjectX" */;
			compatibilityVersion = "Xcode 9.3";
			developmentRegion = en;
			hasScannedForEncodings = 0;
			knownRegions = (
				en,
				Base,
				ru,
			);
			mainGroup = 4C70235025A749BD00A750D2;
			packageReferences = (
				4CDE83D525A78DF500F3453D /* XCRemoteSwiftPackageReference "realm-cocoa" */,
				4CF5601F25B716FF0038A4CC /* XCRemoteSwiftPackageReference "swiftui-grid" */,
				4C3CEB0425CC8A6C0089EFF9 /* XCRemoteSwiftPackageReference "ConfettiView" */,
				4C3CEBAF25D193520089EFF9 /* XCRemoteSwiftPackageReference "SwiftUIX" */,
				4C1BB4FB25D2CF8900604276 /* XCRemoteSwiftPackageReference "VideoPlayer" */,
				D4DFA13F25F8B37700E608C8 /* XCRemoteSwiftPackageReference "Yelm.Pay" */,
				D4DFA14325F8B39700E608C8 /* XCRemoteSwiftPackageReference "Yelm.Chat" */,
				D4DFA14C25F8B72100E608C8 /* XCRemoteSwiftPackageReference "Yelm.Server" */,
			);
			productRefGroup = 4C70235A25A749BD00A750D2 /* Products */;
			projectDirPath = "";
			projectRoot = "";
			targets = (
				4C70235825A749BD00A750D2 /* Yelm.ProjectX */,
				D4718BBD2626EB1200E140C2 /* Yelm.ProjectXUITests */,
			);
		};
/* End PBXProject section */

/* Begin PBXResourcesBuildPhase section */
		4C70235725A749BD00A750D2 /* Resources */ = {
			isa = PBXResourcesBuildPhase;
			buildActionMask = 2147483647;
			files = (
				4C70236925A749BF00A750D2 /* LaunchScreen.storyboard in Resources */,
				4C1BB4EA25D29DAF00604276 /* Localizable.strings in Resources */,
				4C70236625A749BF00A750D2 /* Preview Assets.xcassets in Resources */,
				4C70236325A749BF00A750D2 /* Assets.xcassets in Resources */,
			);
			runOnlyForDeploymentPostprocessing = 0;
		};
		D4718BBC2626EB1200E140C2 /* Resources */ = {
			isa = PBXResourcesBuildPhase;
			buildActionMask = 2147483647;
			files = (
			);
			runOnlyForDeploymentPostprocessing = 0;
		};
/* End PBXResourcesBuildPhase section */

/* Begin PBXShellScriptBuildPhase section */
		43B772D37976AF9E321BDC83 /* [CP] Copy Pods Resources */ = {
			isa = PBXShellScriptBuildPhase;
			buildActionMask = 2147483647;
			files = (
			);
			inputFileListPaths = (
				"${PODS_ROOT}/Target Support Files/Pods-Yelm.ProjectX/Pods-Yelm.ProjectX-resources-${CONFIGURATION}-input-files.xcfilelist",
			);
			name = "[CP] Copy Pods Resources";
			outputFileListPaths = (
				"${PODS_ROOT}/Target Support Files/Pods-Yelm.ProjectX/Pods-Yelm.ProjectX-resources-${CONFIGURATION}-output-files.xcfilelist",
			);
			runOnlyForDeploymentPostprocessing = 0;
			shellPath = /bin/sh;
			shellScript = "\"${PODS_ROOT}/Target Support Files/Pods-Yelm.ProjectX/Pods-Yelm.ProjectX-resources.sh\"\n";
			showEnvVarsInLog = 0;
		};
		4EDB17A33E7DC3251770B527 /* [CP] Check Pods Manifest.lock */ = {
			isa = PBXShellScriptBuildPhase;
			buildActionMask = 2147483647;
			files = (
			);
			inputFileListPaths = (
			);
			inputPaths = (
				"${PODS_PODFILE_DIR_PATH}/Podfile.lock",
				"${PODS_ROOT}/Manifest.lock",
			);
			name = "[CP] Check Pods Manifest.lock";
			outputFileListPaths = (
			);
			outputPaths = (
				"$(DERIVED_FILE_DIR)/Pods-Yelm.ProjectX-checkManifestLockResult.txt",
			);
			runOnlyForDeploymentPostprocessing = 0;
			shellPath = /bin/sh;
			shellScript = "diff \"${PODS_PODFILE_DIR_PATH}/Podfile.lock\" \"${PODS_ROOT}/Manifest.lock\" > /dev/null\nif [ $? != 0 ] ; then\n    # print error to STDERR\n    echo \"error: The sandbox is not in sync with the Podfile.lock. Run 'pod install' or update your CocoaPods installation.\" >&2\n    exit 1\nfi\n# This output is used by Xcode 'outputs' to avoid re-running this script phase.\necho \"SUCCESS\" > \"${SCRIPT_OUTPUT_FILE_0}\"\n";
			showEnvVarsInLog = 0;
		};
/* End PBXShellScriptBuildPhase section */

/* Begin PBXSourcesBuildPhase section */
		4C70235525A749BD00A750D2 /* Sources */ = {
			isa = PBXSourcesBuildPhase;
			buildActionMask = 2147483647;
			files = (
				D4B8C4A925F7EA3300B9E478 /* func.swift in Sources */,
				D4718B9826243A2E00E140C2 /* feed.swift in Sources */,
				4CDE83B025A78A3F00F3453D /* ImageSource.swift in Sources */,
				4CDE83A225A78A3F00F3453D /* DownloadCoordinator.swift in Sources */,
				D4718B9B26243A3800E140C2 /* feed_item.swift in Sources */,
				4CDE83A025A78A3F00F3453D /* ImageProxy.swift in Sources */,
				4CDE840725A873D800F3453D /* add_location.swift in Sources */,
				4CF55FC725B070B20038A4CC /* camera.swift in Sources */,
				4CDE83C825A78A4D00F3453D /* CircleActivityView.swift in Sources */,
				4CDE83A925A78A3F00F3453D /* ImageLoaderView.swift in Sources */,
				4CDE83E725A79C0900F3453D /* classes.swift in Sources */,
				4CDE83E425A797FA00F3453D /* animations.swift in Sources */,
				4CDE83C625A78A4D00F3453D /* ProgressView.swift in Sources */,
				4C192B0125C0739F00059597 /* D3DS.swift in Sources */,
				4CDE83CF25A78B2000F3453D /* buttons.swift in Sources */,
				4CDE83DC25A78E2300F3453D /* realm.swift in Sources */,
				4CDE839F25A78A3F00F3453D /* ImageProcessorGroup.swift in Sources */,
				4CDE843025A9EFC300F3453D /* offer.swift in Sources */,
				4CDE83ED25A7A57C00F3453D /* realm_classes.swift in Sources */,
				4CDE83A525A78A3F00F3453D /* URLSessionDownloadDelegateWrapper.swift in Sources */,
				4C70235D25A749BD00A750D2 /* AppDelegate.swift in Sources */,
				4C70235F25A749BD00A750D2 /* SceneDelegate.swift in Sources */,
				4CF5601C25B7124F0038A4CC /* subcategories.swift in Sources */,
				4CDE839D25A78A3F00F3453D /* ImageProcessorClosure.swift in Sources */,
				4CDE841125A8764300F3453D /* map.swift in Sources */,
				4CDE83B325A78A3F00F3453D /* CoreDataFetchIndexDescription.swift in Sources */,
				4C70236125A749BD00A750D2 /* Start.swift in Sources */,
				4CDE83B425A78A3F00F3453D /* CoreDataAttributeDescription.swift in Sources */,
				4CDE843725AB37AE00F3453D /* search.swift in Sources */,
				D4DFA15125F8D27900E608C8 /* rating.swift in Sources */,
				4CF5601525B5ADD60038A4CC /* news_single.swift in Sources */,
				4CDE83A725A78A3F00F3453D /* DownloadService.swift in Sources */,
				4CDE83A625A78A3F00F3453D /* DownloadObserver.swift in Sources */,
				4CDE839E25A78A3F00F3453D /* Resize.swift in Sources */,
				4CDE836325A789B800F3453D /* shapes.swift in Sources */,
				4CF55FCF25B2F5280038A4CC /* news.swift in Sources */,
				4CF5601925B5AFA40038A4CC /* webview.swift in Sources */,
				D4718B9E26244E7B00E140C2 /* feed_read.swift in Sources */,
				4CDE836F25A78A3200F3453D /* FileIndex.swift in Sources */,
				4CDE83EA25A7A26200F3453D /* gestures.swift in Sources */,
				4CDE83E025A794BA00F3453D /* Home.swift in Sources */,
				4CDE83AB25A78A3F00F3453D /* CGContext+Extensions.swift in Sources */,
				4CDE83AE25A78A3F00F3453D /* CacheHelper.swift in Sources */,
				4CDE837025A78A3200F3453D /* RemoteFileCacheService.swift in Sources */,
				4CDE843F25AB5EEF00F3453D /* chat.swift in Sources */,
				4CDE844625AB614800F3453D /* ui.swift in Sources */,
				D490E64D262CB98000362345 /* image_view_repo.swift in Sources */,
				4CDE83A325A78A3F00F3453D /* LoadingState.swift in Sources */,
				4C3CEB0A25CC8AA50089EFF9 /* confetti.swift in Sources */,
				4C1BB4F325D2A76500604276 /* story.swift in Sources */,
				4CDE83B825A78A3F00F3453D /* ImageDecoder.swift in Sources */,
				4C1BB4F625D2A77700604276 /* processing.swift in Sources */,
				4CDE842625A9E33400F3453D /* cart_item.swift in Sources */,
				4C3CEB0125CC7D4E0089EFF9 /* history.swift in Sources */,
				4CDE83B225A78A3F00F3453D /* CoreDataEntityDescription.swift in Sources */,
				4CDE843425A9F15500F3453D /* variables.swift in Sources */,
				4C192AFD25BCD44D00059597 /* payment.swift in Sources */,
				4C3CEB0D25CD2B270089EFF9 /* history_item.swift in Sources */,
				4CDE83B625A78A3F00F3453D /* FileManager+Extensions.swift in Sources */,
				4CDE839C25A78A3F00F3453D /* CoreImageFilterProcessor.swift in Sources */,
				D490E640262CAD9A00362345 /* item_images.swift in Sources */,
				4CDE83F325A7A7D700F3453D /* realm_locations.swift in Sources */,
				4CDE83A425A78A3F00F3453D /* DownloadHandler.swift in Sources */,
				4CDE83BB25A78A4500F3453D /* URLImage.swift in Sources */,
				4CDE83A125A78A3F00F3453D /* DownloadProgressWrapper.swift in Sources */,
				4CDE840C25A874BB00F3453D /* maps_classes.swift in Sources */,
				4C1BB4F925D2A78700604276 /* story_loading.swift in Sources */,
				4CDE83FE25A86FAE00F3453D /* core.swift in Sources */,
				4CDE839B25A78A3F00F3453D /* ImageProcessing.swift in Sources */,
				D44DF5E32639621A005CE414 /* color.swift in Sources */,
				4CDE836025A7899E00F3453D /* blur.swift in Sources */,
				4CDE83AC25A78A3F00F3453D /* CGImage+Extensions.swift in Sources */,
				4CDE83AA25A78A3F00F3453D /* ImageDownloadHandler.swift in Sources */,
				4CAA9F7125B83D78005CEB96 /* subcategories_grid_item.swift in Sources */,
				4CC347F825DEBF120018A27A /* catalog.swift in Sources */,
				4CDE83C925A78A4D00F3453D /* CircleProgressView.swift in Sources */,
				4CDE842225A9E10300F3453D /* cart.swift in Sources */,
				4CDE841F25A8AA5A00F3453D /* item.swift in Sources */,
				4CDE835C25A788DD00F3453D /* items.swift in Sources */,
				4CDE83F025A7A75200F3453D /* structures.swift in Sources */,
				4C1BB4E225D1ABC000604276 /* news_single_items.swift in Sources */,
				4CDE843B25AB3B2D00F3453D /* search_item.swift in Sources */,
				4CDE83AF25A78A3F00F3453D /* Version.swift in Sources */,
				4CDE83C725A78A4D00F3453D /* CircleProgressShape.swift in Sources */,
				4CDE836A25A78A2A00F3453D /* URLImageService.swift in Sources */,
				4CDE83B725A78A3F00F3453D /* ImageIOUtils.swift in Sources */,
				4CDE83FA25A86E9F00F3453D /* location.swift in Sources */,
				4CDE83A825A78A3F00F3453D /* ImageLoaderContentView.swift in Sources */,
				4CF55FC325AEFE2B0038A4CC /* images.swift in Sources */,
				4CDE83B125A78A3F00F3453D /* CoreDataModelDescription.swift in Sources */,
				4CDE83B525A78A3F00F3453D /* DefaultPlaceholder.swift in Sources */,
				D44DF5DB2639617E005CE414 /* scanner_preview.swift in Sources */,
				4CDE841825A8785100F3453D /* view.swift in Sources */,
				4CDE83AD25A78A3F00F3453D /* Log.swift in Sources */,
				4CDE83C525A78A4D00F3453D /* AnimatedImageView.swift in Sources */,
				4CAA9F6D25B83B04005CEB96 /* subcategoies_grid.swift in Sources */,
			);
			runOnlyForDeploymentPostprocessing = 0;
		};
		D4718BBA2626EB1200E140C2 /* Sources */ = {
			isa = PBXSourcesBuildPhase;
			buildActionMask = 2147483647;
			files = (
				D4718BC12626EB1200E140C2 /* Yelm_ProjectXUITests.swift in Sources */,
				D4718BCB2626EB2100E140C2 /* SnapshotHelper.swift in Sources */,
			);
			runOnlyForDeploymentPostprocessing = 0;
		};
/* End PBXSourcesBuildPhase section */

/* Begin PBXTargetDependency section */
		D4718BC42626EB1200E140C2 /* PBXTargetDependency */ = {
			isa = PBXTargetDependency;
			target = 4C70235825A749BD00A750D2 /* Yelm.ProjectX */;
			targetProxy = D4718BC32626EB1200E140C2 /* PBXContainerItemProxy */;
		};
/* End PBXTargetDependency section */

/* Begin PBXVariantGroup section */
		4C1BB4EC25D29DAF00604276 /* Localizable.strings */ = {
			isa = PBXVariantGroup;
			children = (
				4C1BB4EB25D29DAF00604276 /* en */,
				4C1BB4EE25D29DB300604276 /* ru */,
			);
			name = Localizable.strings;
			sourceTree = "<group>";
		};
		4C70236725A749BF00A750D2 /* LaunchScreen.storyboard */ = {
			isa = PBXVariantGroup;
			children = (
				4C70236825A749BF00A750D2 /* Base */,
				4C1BB4E525D29C6A00604276 /* ru */,
			);
			name = LaunchScreen.storyboard;
			sourceTree = "<group>";
		};
/* End PBXVariantGroup section */

/* Begin XCBuildConfiguration section */
		4C70236B25A749BF00A750D2 /* Debug */ = {
			isa = XCBuildConfiguration;
			buildSettings = {
				ALWAYS_SEARCH_USER_PATHS = NO;
				CLANG_ANALYZER_LOCALIZABILITY_NONLOCALIZED = YES;
				CLANG_ANALYZER_NONNULL = YES;
				CLANG_ANALYZER_NUMBER_OBJECT_CONVERSION = YES_AGGRESSIVE;
				CLANG_CXX_LANGUAGE_STANDARD = "gnu++14";
				CLANG_CXX_LIBRARY = "libc++";
				CLANG_ENABLE_MODULES = YES;
				CLANG_ENABLE_OBJC_ARC = YES;
				CLANG_ENABLE_OBJC_WEAK = YES;
				CLANG_WARN_BLOCK_CAPTURE_AUTORELEASING = YES;
				CLANG_WARN_BOOL_CONVERSION = YES;
				CLANG_WARN_COMMA = YES;
				CLANG_WARN_CONSTANT_CONVERSION = YES;
				CLANG_WARN_DEPRECATED_OBJC_IMPLEMENTATIONS = YES;
				CLANG_WARN_DIRECT_OBJC_ISA_USAGE = YES_ERROR;
				CLANG_WARN_DOCUMENTATION_COMMENTS = YES;
				CLANG_WARN_EMPTY_BODY = YES;
				CLANG_WARN_ENUM_CONVERSION = YES;
				CLANG_WARN_INFINITE_RECURSION = YES;
				CLANG_WARN_INT_CONVERSION = YES;
				CLANG_WARN_NON_LITERAL_NULL_CONVERSION = YES;
				CLANG_WARN_OBJC_IMPLICIT_RETAIN_SELF = YES;
				CLANG_WARN_OBJC_LITERAL_CONVERSION = YES;
				CLANG_WARN_OBJC_ROOT_CLASS = YES_ERROR;
				CLANG_WARN_QUOTED_INCLUDE_IN_FRAMEWORK_HEADER = YES;
				CLANG_WARN_RANGE_LOOP_ANALYSIS = YES;
				CLANG_WARN_STRICT_PROTOTYPES = YES;
				CLANG_WARN_SUSPICIOUS_MOVE = YES;
				CLANG_WARN_UNGUARDED_AVAILABILITY = YES_AGGRESSIVE;
				CLANG_WARN_UNREACHABLE_CODE = YES;
				CLANG_WARN__DUPLICATE_METHOD_MATCH = YES;
				COPY_PHASE_STRIP = NO;
				DEBUG_INFORMATION_FORMAT = dwarf;
				ENABLE_STRICT_OBJC_MSGSEND = YES;
				ENABLE_TESTABILITY = YES;
				GCC_C_LANGUAGE_STANDARD = gnu11;
				GCC_DYNAMIC_NO_PIC = NO;
				GCC_NO_COMMON_BLOCKS = YES;
				GCC_OPTIMIZATION_LEVEL = 0;
				GCC_PREPROCESSOR_DEFINITIONS = (
					"DEBUG=1",
					"$(inherited)",
				);
				GCC_WARN_64_TO_32_BIT_CONVERSION = YES;
				GCC_WARN_ABOUT_RETURN_TYPE = YES_ERROR;
				GCC_WARN_UNDECLARED_SELECTOR = YES;
				GCC_WARN_UNINITIALIZED_AUTOS = YES_AGGRESSIVE;
				GCC_WARN_UNUSED_FUNCTION = YES;
				GCC_WARN_UNUSED_VARIABLE = YES;
				IPHONEOS_DEPLOYMENT_TARGET = 13.0;
				MTL_ENABLE_DEBUG_INFO = INCLUDE_SOURCE;
				MTL_FAST_MATH = YES;
				ONLY_ACTIVE_ARCH = YES;
				SDKROOT = iphoneos;
				SWIFT_ACTIVE_COMPILATION_CONDITIONS = DEBUG;
				SWIFT_OPTIMIZATION_LEVEL = "-Onone";
			};
			name = Debug;
		};
		4C70236C25A749BF00A750D2 /* Release */ = {
			isa = XCBuildConfiguration;
			buildSettings = {
				ALWAYS_SEARCH_USER_PATHS = NO;
				CLANG_ANALYZER_LOCALIZABILITY_NONLOCALIZED = YES;
				CLANG_ANALYZER_NONNULL = YES;
				CLANG_ANALYZER_NUMBER_OBJECT_CONVERSION = YES_AGGRESSIVE;
				CLANG_CXX_LANGUAGE_STANDARD = "gnu++14";
				CLANG_CXX_LIBRARY = "libc++";
				CLANG_ENABLE_MODULES = YES;
				CLANG_ENABLE_OBJC_ARC = YES;
				CLANG_ENABLE_OBJC_WEAK = YES;
				CLANG_WARN_BLOCK_CAPTURE_AUTORELEASING = YES;
				CLANG_WARN_BOOL_CONVERSION = YES;
				CLANG_WARN_COMMA = YES;
				CLANG_WARN_CONSTANT_CONVERSION = YES;
				CLANG_WARN_DEPRECATED_OBJC_IMPLEMENTATIONS = YES;
				CLANG_WARN_DIRECT_OBJC_ISA_USAGE = YES_ERROR;
				CLANG_WARN_DOCUMENTATION_COMMENTS = YES;
				CLANG_WARN_EMPTY_BODY = YES;
				CLANG_WARN_ENUM_CONVERSION = YES;
				CLANG_WARN_INFINITE_RECURSION = YES;
				CLANG_WARN_INT_CONVERSION = YES;
				CLANG_WARN_NON_LITERAL_NULL_CONVERSION = YES;
				CLANG_WARN_OBJC_IMPLICIT_RETAIN_SELF = YES;
				CLANG_WARN_OBJC_LITERAL_CONVERSION = YES;
				CLANG_WARN_OBJC_ROOT_CLASS = YES_ERROR;
				CLANG_WARN_QUOTED_INCLUDE_IN_FRAMEWORK_HEADER = YES;
				CLANG_WARN_RANGE_LOOP_ANALYSIS = YES;
				CLANG_WARN_STRICT_PROTOTYPES = YES;
				CLANG_WARN_SUSPICIOUS_MOVE = YES;
				CLANG_WARN_UNGUARDED_AVAILABILITY = YES_AGGRESSIVE;
				CLANG_WARN_UNREACHABLE_CODE = YES;
				CLANG_WARN__DUPLICATE_METHOD_MATCH = YES;
				COPY_PHASE_STRIP = NO;
				DEBUG_INFORMATION_FORMAT = "dwarf-with-dsym";
				ENABLE_NS_ASSERTIONS = NO;
				ENABLE_STRICT_OBJC_MSGSEND = YES;
				GCC_C_LANGUAGE_STANDARD = gnu11;
				GCC_NO_COMMON_BLOCKS = YES;
				GCC_WARN_64_TO_32_BIT_CONVERSION = YES;
				GCC_WARN_ABOUT_RETURN_TYPE = YES_ERROR;
				GCC_WARN_UNDECLARED_SELECTOR = YES;
				GCC_WARN_UNINITIALIZED_AUTOS = YES_AGGRESSIVE;
				GCC_WARN_UNUSED_FUNCTION = YES;
				GCC_WARN_UNUSED_VARIABLE = YES;
				IPHONEOS_DEPLOYMENT_TARGET = 13.0;
				MTL_ENABLE_DEBUG_INFO = NO;
				MTL_FAST_MATH = YES;
				SDKROOT = iphoneos;
				SWIFT_COMPILATION_MODE = wholemodule;
				SWIFT_OPTIMIZATION_LEVEL = "-O";
				VALIDATE_PRODUCT = YES;
			};
			name = Release;
		};
		4C70236E25A749BF00A750D2 /* Debug */ = {
			isa = XCBuildConfiguration;
			baseConfigurationReference = 736B0EF31A2553BDC8E3C2BA /* Pods-Yelm.ProjectX.debug.xcconfig */;
			buildSettings = {
				ASSETCATALOG_COMPILER_APPICON_NAME = AppIcon;
				ASSETCATALOG_COMPILER_GLOBAL_ACCENT_COLOR_NAME = AccentColor;
				CODE_SIGN_ENTITLEMENTS = Yelm.ProjectX/Yelm.ProjectX.entitlements;
				CODE_SIGN_STYLE = Automatic;
				DEVELOPMENT_ASSET_PATHS = "\"Yelm.ProjectX/asl/Preview Content\"";
				DEVELOPMENT_TEAM = 9DFQMR4JG9;
				ENABLE_BITCODE = NO;
				ENABLE_PREVIEWS = YES;
				INFOPLIST_FILE = Yelm.ProjectX/Info.plist;
				IPHONEOS_DEPLOYMENT_TARGET = 13.1;
				LD_RUNPATH_SEARCH_PATHS = (
					"$(inherited)",
					"@executable_path/Frameworks",
				);
				MARKETING_VERSION = 1.0.96;
				"OTHER_SWIFT_FLAGS[arch=*]" = "-Xfrontend -warn-long-function-bodies=50 -Xfrontend -warn-long-expression-type-checking=50";
				PRODUCT_BUNDLE_IDENTIFIER = yelm.io.projects.yelmio;
				PRODUCT_NAME = "$(TARGET_NAME)";
				SWIFT_VERSION = 5.0;
				TARGETED_DEVICE_FAMILY = 1;
			};
			name = Debug;
		};
		4C70236F25A749BF00A750D2 /* Release */ = {
			isa = XCBuildConfiguration;
			baseConfigurationReference = 1B69168527B2637AB35B1B9A /* Pods-Yelm.ProjectX.release.xcconfig */;
			buildSettings = {
				ASSETCATALOG_COMPILER_APPICON_NAME = AppIcon;
				ASSETCATALOG_COMPILER_GLOBAL_ACCENT_COLOR_NAME = AccentColor;
				CODE_SIGN_ENTITLEMENTS = Yelm.ProjectX/Yelm.ProjectX.entitlements;
				CODE_SIGN_STYLE = Automatic;
				DEVELOPMENT_ASSET_PATHS = "\"Yelm.ProjectX/asl/Preview Content\"";
				DEVELOPMENT_TEAM = 9DFQMR4JG9;
				ENABLE_BITCODE = NO;
				ENABLE_PREVIEWS = YES;
				INFOPLIST_FILE = Yelm.ProjectX/Info.plist;
				IPHONEOS_DEPLOYMENT_TARGET = 13.1;
				LD_RUNPATH_SEARCH_PATHS = (
					"$(inherited)",
					"@executable_path/Frameworks",
				);
				MARKETING_VERSION = 1.0.96;
				PRODUCT_BUNDLE_IDENTIFIER = yelm.io.projects.yelmio;
				PRODUCT_NAME = "$(TARGET_NAME)";
				SWIFT_VERSION = 5.0;
				TARGETED_DEVICE_FAMILY = 1;
			};
			name = Release;
		};
		D4718BC52626EB1200E140C2 /* Debug */ = {
			isa = XCBuildConfiguration;
			buildSettings = {
				CODE_SIGN_STYLE = Automatic;
				DEVELOPMENT_TEAM = 9DFQMR4JG9;
				INFOPLIST_FILE = Yelm.ProjectXUITests/Info.plist;
				IPHONEOS_DEPLOYMENT_TARGET = 14.4;
				LD_RUNPATH_SEARCH_PATHS = (
					"$(inherited)",
					"@executable_path/Frameworks",
					"@loader_path/Frameworks",
				);
				PRODUCT_BUNDLE_IDENTIFIER = "projects.yelm.io.Yelm-ProjectXUITests";
				PRODUCT_NAME = "$(TARGET_NAME)";
				SWIFT_VERSION = 5.0;
				TARGETED_DEVICE_FAMILY = "1,2";
				TEST_TARGET_NAME = Yelm.ProjectX;
			};
			name = Debug;
		};
		D4718BC62626EB1200E140C2 /* Release */ = {
			isa = XCBuildConfiguration;
			buildSettings = {
				CODE_SIGN_STYLE = Automatic;
				DEVELOPMENT_TEAM = 9DFQMR4JG9;
				INFOPLIST_FILE = Yelm.ProjectXUITests/Info.plist;
				IPHONEOS_DEPLOYMENT_TARGET = 14.4;
				LD_RUNPATH_SEARCH_PATHS = (
					"$(inherited)",
					"@executable_path/Frameworks",
					"@loader_path/Frameworks",
				);
				PRODUCT_BUNDLE_IDENTIFIER = "projects.yelm.io.Yelm-ProjectXUITests";
				PRODUCT_NAME = "$(TARGET_NAME)";
				SWIFT_VERSION = 5.0;
				TARGETED_DEVICE_FAMILY = "1,2";
				TEST_TARGET_NAME = Yelm.ProjectX;
			};
			name = Release;
		};
/* End XCBuildConfiguration section */

/* Begin XCConfigurationList section */
		4C70235425A749BD00A750D2 /* Build configuration list for PBXProject "Yelm.ProjectX" */ = {
			isa = XCConfigurationList;
			buildConfigurations = (
				4C70236B25A749BF00A750D2 /* Debug */,
				4C70236C25A749BF00A750D2 /* Release */,
			);
			defaultConfigurationIsVisible = 0;
			defaultConfigurationName = Release;
		};
		4C70236D25A749BF00A750D2 /* Build configuration list for PBXNativeTarget "Yelm.ProjectX" */ = {
			isa = XCConfigurationList;
			buildConfigurations = (
				4C70236E25A749BF00A750D2 /* Debug */,
				4C70236F25A749BF00A750D2 /* Release */,
			);
			defaultConfigurationIsVisible = 0;
			defaultConfigurationName = Release;
		};
		D4718BC72626EB1200E140C2 /* Build configuration list for PBXNativeTarget "Yelm.ProjectXUITests" */ = {
			isa = XCConfigurationList;
			buildConfigurations = (
				D4718BC52626EB1200E140C2 /* Debug */,
				D4718BC62626EB1200E140C2 /* Release */,
			);
			defaultConfigurationIsVisible = 0;
			defaultConfigurationName = Release;
		};
/* End XCConfigurationList section */

/* Begin XCRemoteSwiftPackageReference section */
		4C1BB4FB25D2CF8900604276 /* XCRemoteSwiftPackageReference "VideoPlayer" */ = {
			isa = XCRemoteSwiftPackageReference;
			repositoryURL = "https://github.com/wxxsw/VideoPlayer";
			requirement = {
				kind = upToNextMajorVersion;
				minimumVersion = 1.1.7;
			};
		};
		4C3CEB0425CC8A6C0089EFF9 /* XCRemoteSwiftPackageReference "ConfettiView" */ = {
			isa = XCRemoteSwiftPackageReference;
			repositoryURL = "https://github.com/ziligy/ConfettiView.git";
			requirement = {
				kind = upToNextMajorVersion;
				minimumVersion = 1.1.0;
			};
		};
		4C3CEBAF25D193520089EFF9 /* XCRemoteSwiftPackageReference "SwiftUIX" */ = {
			isa = XCRemoteSwiftPackageReference;
			repositoryURL = "https://github.com/SwiftUIX/SwiftUIX.git";
			requirement = {
				kind = upToNextMajorVersion;
				minimumVersion = 0.0.5;
			};
		};
		4CDE83D525A78DF500F3453D /* XCRemoteSwiftPackageReference "realm-cocoa" */ = {
			isa = XCRemoteSwiftPackageReference;
			repositoryURL = "https://github.com/realm/realm-cocoa.git";
			requirement = {
				kind = upToNextMajorVersion;
				minimumVersion = 10.5.0;
			};
		};
		4CF5601F25B716FF0038A4CC /* XCRemoteSwiftPackageReference "swiftui-grid" */ = {
			isa = XCRemoteSwiftPackageReference;
			repositoryURL = "https://github.com/spacenation/swiftui-grid.git";
			requirement = {
				kind = upToNextMajorVersion;
				minimumVersion = 1.1.0;
			};
		};
		D4DFA13F25F8B37700E608C8 /* XCRemoteSwiftPackageReference "Yelm.Pay" */ = {
			isa = XCRemoteSwiftPackageReference;
			repositoryURL = "https://github.com/Michaelsafir/Yelm.Pay.git";
			requirement = {
				kind = upToNextMajorVersion;
				minimumVersion = 1.0.0;
			};
		};
		D4DFA14325F8B39700E608C8 /* XCRemoteSwiftPackageReference "Yelm.Chat" */ = {
			isa = XCRemoteSwiftPackageReference;
			repositoryURL = "https://github.com/Michaelsafir/Yelm.Chat.git";
			requirement = {
				kind = upToNextMajorVersion;
				minimumVersion = 1.0.0;
			};
		};
		D4DFA14C25F8B72100E608C8 /* XCRemoteSwiftPackageReference "Yelm.Server" */ = {
			isa = XCRemoteSwiftPackageReference;
			repositoryURL = "https://github.com/Michaelsafir/Yelm.Server.git";
			requirement = {
				kind = upToNextMajorVersion;
				minimumVersion = 1.0.7;
			};
		};
/* End XCRemoteSwiftPackageReference section */

/* Begin XCSwiftPackageProductDependency section */
		4C1BB4FC25D2CF8900604276 /* VideoPlayer */ = {
			isa = XCSwiftPackageProductDependency;
			package = 4C1BB4FB25D2CF8900604276 /* XCRemoteSwiftPackageReference "VideoPlayer" */;
			productName = VideoPlayer;
		};
		4C3CEB0525CC8A6C0089EFF9 /* ConfettiView */ = {
			isa = XCSwiftPackageProductDependency;
			package = 4C3CEB0425CC8A6C0089EFF9 /* XCRemoteSwiftPackageReference "ConfettiView" */;
			productName = ConfettiView;
		};
		4C3CEBB025D193540089EFF9 /* SwiftUIX */ = {
			isa = XCSwiftPackageProductDependency;
			package = 4C3CEBAF25D193520089EFF9 /* XCRemoteSwiftPackageReference "SwiftUIX" */;
			productName = SwiftUIX;
		};
		4C70237725A74C1200A750D2 /* Yelm.Server */ = {
			isa = XCSwiftPackageProductDependency;
			productName = Yelm.Server;
		};
		4C9AC9C025C5F634002C1C04 /* Yelm.Chat */ = {
			isa = XCSwiftPackageProductDependency;
			productName = Yelm.Chat;
		};
		4CDE834525A74ED700F3453D /* Yelm.Pay */ = {
			isa = XCSwiftPackageProductDependency;
			productName = Yelm.Pay;
		};
		4CDE83D625A78DF500F3453D /* Realm */ = {
			isa = XCSwiftPackageProductDependency;
			package = 4CDE83D525A78DF500F3453D /* XCRemoteSwiftPackageReference "realm-cocoa" */;
			productName = Realm;
		};
		4CDE83D825A78DF500F3453D /* RealmSwift */ = {
			isa = XCSwiftPackageProductDependency;
			package = 4CDE83D525A78DF500F3453D /* XCRemoteSwiftPackageReference "realm-cocoa" */;
			productName = RealmSwift;
		};
		4CF5602025B716FF0038A4CC /* Grid */ = {
			isa = XCSwiftPackageProductDependency;
			package = 4CF5601F25B716FF0038A4CC /* XCRemoteSwiftPackageReference "swiftui-grid" */;
			productName = Grid;
		};
		D4DFA14025F8B37700E608C8 /* Yelm.Pay */ = {
			isa = XCSwiftPackageProductDependency;
			package = D4DFA13F25F8B37700E608C8 /* XCRemoteSwiftPackageReference "Yelm.Pay" */;
			productName = Yelm.Pay;
		};
		D4DFA14425F8B39700E608C8 /* Yelm.Chat */ = {
			isa = XCSwiftPackageProductDependency;
			package = D4DFA14325F8B39700E608C8 /* XCRemoteSwiftPackageReference "Yelm.Chat" */;
			productName = Yelm.Chat;
		};
		D4DFA14D25F8B72100E608C8 /* Yelm.Server */ = {
			isa = XCSwiftPackageProductDependency;
			package = D4DFA14C25F8B72100E608C8 /* XCRemoteSwiftPackageReference "Yelm.Server" */;
			productName = Yelm.Server;
		};
/* End XCSwiftPackageProductDependency section */
	};
	rootObject = 4C70235125A749BD00A750D2 /* Project object */;
}
